
Microsoft Visual Studio Solution File, Format Version 11.00
# Visual Studio Version 16
Project("{8BC9CEB8-8B4A-11D0-8D11-00A0C91BC942}") = "3d", "3d.vcxproj", "{A7041582-719B-4786-B85E-DA7F250931A4}"
EndProject
Project("{8BC9CEB8-8B4A-11D0-8D11-00A0C91BC942}") = "3d_multi", "3d_multi.vcxproj", "{FBE2F2A4-6BC2-4161-91C3-923AAB7270A8}"
EndProject
Project("{8BC9CEB8-8B4A-11D0-8D11-00A0C91BC942}") = "event_parameter", "event_parameter.vcxproj", "{00BB40C3-CA97-406A-9087-845A76BB218B}"
EndProject
Project("{8BC9CEB8-8B4A-11D0-8D11-00A0C91BC942}") = "load_banks", "load_banks.vcxproj", "{9FB6DEAF-2224-4D66-98FA-E893E7946801}"
EndProject
Project("{8BC9CEB8-8B4A-11D0-8D11-00A0C91BC942}") = "music_callbacks", "music_callbacks.vcxproj", "{7A11B979-36B8-4332-9326-94AB5A62E0BB}"
EndProject
Project("{8BC9CEB8-8B4A-11D0-8D11-00A0C91BC942}") = "objectpan", "objectpan.vcxproj", "{B5AAFF34-B718-4202-A47C-E7E1B597AEED}"
EndProject
Project("{8BC9CEB8-8B4A-11D0-8D11-00A0C91BC942}") = "programmer_sound", "programmer_sound.vcxproj", "{F14043A9-B611-4E60-9AC3-112CA42BCAFD}"
EndProject
Project("{8BC9CEB8-8B4A-11D0-8D11-00A0C91BC942}") = "recording_playback", "recording_playback.vcxproj", "{E5930D35-272E-40C7-A27A-3E0554789967}"
EndProject
Project("{8BC9CEB8-8B4A-11D0-8D11-00A0C91BC942}") = "simple_event", "simple_event.vcxproj", "{E5DEFF28-BEB3-4285-9FEC-F568B62D95C6}"
EndProject
Global
	GlobalSection(SolutionConfigurationPlatforms) = preSolution
		Debug|Win32 = Debug|Win32
		Debug|x64 = Debug|x64
		Release|Win32 = Release|Win32
		Release|x64 = Release|x64
	EndGlobalSection
	GlobalSection(ProjectConfigurationPlatforms) = postSolution
		{A7041582-719B-4786-B85E-DA7F250931A4}.Debug|Win32.ActiveCfg = Debug|Win32
		{A7041582-719B-4786-B85E-DA7F250931A4}.Debug|Win32.Build.0 = Debug|Win32
		{A7041582-719B-4786-B85E-DA7F250931A4}.Debug|Win32.Deploy.0 = Debug|Win32
		{A7041582-719B-4786-B85E-DA7F250931A4}.Debug|x64.ActiveCfg = Debug|x64
		{A7041582-719B-4786-B85E-DA7F250931A4}.Debug|x64.Build.0 = Debug|x64
		{A7041582-719B-4786-B85E-DA7F250931A4}.Debug|x64.Deploy.0 = Debug|x64
		{A7041582-719B-4786-B85E-DA7F250931A4}.Release|Win32.ActiveCfg = Release|Win32
		{A7041582-719B-4786-B85E-DA7F250931A4}.Release|Win32.Build.0 = Release|Win32
		{A7041582-719B-4786-B85E-DA7F250931A4}.Release|Win32.Deploy.0 = Release|Win32
		{A7041582-719B-4786-B85E-DA7F250931A4}.Release|x64.ActiveCfg = Release|x64
		{A7041582-719B-4786-B85E-DA7F250931A4}.Release|x64.Build.0 = Release|x64
		{A7041582-719B-4786-B85E-DA7F250931A4}.Release|x64.Deploy.0 = Release|x64
		{FBE2F2A4-6BC2-4161-91C3-923AAB7270A8}.Debug|Win32.ActiveCfg = Debug|Win32
		{FBE2F2A4-6BC2-4161-91C3-923AAB7270A8}.Debug|Win32.Build.0 = Debug|Win32
		{FBE2F2A4-6BC2-4161-91C3-923AAB7270A8}.Debug|Win32.Deploy.0 = Debug|Win32
		{FBE2F2A4-6BC2-4161-91C3-923AAB7270A8}.Debug|x64.ActiveCfg = Debug|x64
		{FBE2F2A4-6BC2-4161-91C3-923AAB7270A8}.Debug|x64.Build.0 = Debug|x64
		{FBE2F2A4-6BC2-4161-91C3-923AAB7270A8}.Debug|x64.Deploy.0 = Debug|x64
		{FBE2F2A4-6BC2-4161-91C3-923AAB7270A8}.Release|Win32.ActiveCfg = Release|Win32
		{FBE2F2A4-6BC2-4161-91C3-923AAB7270A8}.Release|Win32.Build.0 = Release|Win32
		{FBE2F2A4-6BC2-4161-91C3-923AAB7270A8}.Release|Win32.Deploy.0 = Release|Win32
		{FBE2F2A4-6BC2-4161-91C3-923AAB7270A8}.Release|x64.ActiveCfg = Release|x64
		{FBE2F2A4-6BC2-4161-91C3-923AAB7270A8}.Release|x64.Build.0 = Release|x64
		{FBE2F2A4-6BC2-4161-91C3-923AAB7270A8}.Release|x64.Deploy.0 = Release|x64
		{00BB40C3-CA97-406A-9087-845A76BB218B}.Debug|Win32.ActiveCfg = Debug|Win32
		{00BB40C3-CA97-406A-9087-845A76BB218B}.Debug|Win32.Build.0 = Debug|Win32
		{00BB40C3-CA97-406A-9087-845A76BB218B}.Debug|Win32.Deploy.0 = Debug|Win32
		{00BB40C3-CA97-406A-9087-845A76BB218B}.Debug|x64.ActiveCfg = Debug|x64
		{00BB40C3-CA97-406A-9087-845A76BB218B}.Debug|x64.Build.0 = Debug|x64
		{00BB40C3-CA97-406A-9087-845A76BB218B}.Debug|x64.Deploy.0 = Debug|x64
		{00BB40C3-CA97-406A-9087-845A76BB218B}.Release|Win32.ActiveCfg = Release|Win32
		{00BB40C3-CA97-406A-9087-845A76BB218B}.Release|Win32.Build.0 = Release|Win32
		{00BB40C3-CA97-406A-9087-845A76BB218B}.Release|Win32.Deploy.0 = Release|Win32
		{00BB40C3-CA97-406A-9087-845A76BB218B}.Release|x64.ActiveCfg = Release|x64
		{00BB40C3-CA97-406A-9087-845A76BB218B}.Release|x64.Build.0 = Release|x64
		{00BB40C3-CA97-406A-9087-845A76BB218B}.Release|x64.Deploy.0 = Release|x64
		{9FB6DEAF-2224-4D66-98FA-E893E7946801}.Debug|Win32.ActiveCfg = Debug|Win32
		{9FB6DEAF-2224-4D66-98FA-E893E7946801}.Debug|Win32.Build.0 = Debug|Win32
		{9FB6DEAF-2224-4D66-98FA-E893E7946801}.Debug|Win32.Deploy.0 = Debug|Win32
		{9FB6DEAF-2224-4D66-98FA-E893E7946801}.Debug|x64.ActiveCfg = Debug|x64
		{9FB6DEAF-2224-4D66-98FA-E893E7946801}.Debug|x64.Build.0 = Debug|x64
		{9FB6DEAF-2224-4D66-98FA-E893E7946801}.Debug|x64.Deploy.0 = Debug|x64
		{9FB6DEAF-2224-4D66-98FA-E893E7946801}.Release|Win32.ActiveCfg = Release|Win32
		{9FB6DEAF-2224-4D66-98FA-E893E7946801}.Release|Win32.Build.0 = Release|Win32
		{9FB6DEAF-2224-4D66-98FA-E893E7946801}.Release|Win32.Deploy.0 = Release|Win32
		{9FB6DEAF-2224-4D66-98FA-E893E7946801}.Release|x64.ActiveCfg = Release|x64
		{9FB6DEAF-2224-4D66-98FA-E893E7946801}.Release|x64.Build.0 = Release|x64
		{9FB6DEAF-2224-4D66-98FA-E893E7946801}.Release|x64.Deploy.0 = Release|x64
		{7A11B979-36B8-4332-9326-94AB5A62E0BB}.Debug|Win32.ActiveCfg = Debug|Win32
		{7A11B979-36B8-4332-9326-94AB5A62E0BB}.Debug|Win32.Build.0 = Debug|Win32
		{7A11B979-36B8-4332-9326-94AB5A62E0BB}.Debug|Win32.Deploy.0 = Debug|Win32
		{7A11B979-36B8-4332-9326-94AB5A62E0BB}.Debug|x64.ActiveCfg = Debug|x64
		{7A11B979-36B8-4332-9326-94AB5A62E0BB}.Debug|x64.Build.0 = Debug|x64
		{7A11B979-36B8-4332-9326-94AB5A62E0BB}.Debug|x64.Deploy.0 = Debug|x64
		{7A11B979-36B8-4332-9326-94AB5A62E0BB}.Release|Win32.ActiveCfg = Release|Win32
		{7A11B979-36B8-4332-9326-94AB5A62E0BB}.Release|Win32.Build.0 = Release|Win32
		{7A11B979-36B8-4332-9326-94AB5A62E0BB}.Release|Win32.Deploy.0 = Release|Win32
		{7A11B979-36B8-4332-9326-94AB5A62E0BB}.Release|x64.ActiveCfg = Release|x64
		{7A11B979-36B8-4332-9326-94AB5A62E0BB}.Release|x64.Build.0 = Release|x64
		{7A11B979-36B8-4332-9326-94AB5A62E0BB}.Release|x64.Deploy.0 = Release|x64
		{B5AAFF34-B718-4202-A47C-E7E1B597AEED}.Debug|Win32.ActiveCfg = Debug|Win32
		{B5AAFF34-B718-4202-A47C-E7E1B597AEED}.Debug|Win32.Build.0 = Debug|Win32
		{B5AAFF34-B718-4202-A47C-E7E1B597AEED}.Debug|Win32.Deploy.0 = Debug|Win32
		{B5AAFF34-B718-4202-A47C-E7E1B597AEED}.Debug|x64.ActiveCfg = Debug|x64
		{B5AAFF34-B718-4202-A47C-E7E1B597AEED}.Debug|x64.Build.0 = Debug|x64
		{B5AAFF34-B718-4202-A47C-E7E1B597AEED}.Debug|x64.Deploy.0 = Debug|x64
		{B5AAFF34-B718-4202-A47C-E7E1B597AEED}.Release|Win32.ActiveCfg = Release|Win32
		{B5AAFF34-B718-4202-A47C-E7E1B597AEED}.Release|Win32.Build.0 = Release|Win32
		{B5AAFF34-B718-4202-A47C-E7E1B597AEED}.Release|Win32.Deploy.0 = Release|Win32
		{B5AAFF34-B718-4202-A47C-E7E1B597AEED}.Release|x64.ActiveCfg = Release|x64
		{B5AAFF34-B718-4202-A47C-E7E1B597AEED}.Release|x64.Build.0 = Release|x64
		{B5AAFF34-B718-4202-A47C-E7E1B597AEED}.Release|x64.Deploy.0 = Release|x64
		{F14043A9-B611-4E60-9AC3-112CA42BCAFD}.Debug|Win32.ActiveCfg = Debug|Win32
		{F14043A9-B611-4E60-9AC3-112CA42BCAFD}.Debug|Win32.Build.0 = Debug|Win32
		{F14043A9-B611-4E60-9AC3-112CA42BCAFD}.Debug|Win32.Deploy.0 = Debug|Win32
		{F14043A9-B611-4E60-9AC3-112CA42BCAFD}.Debug|x64.ActiveCfg = Debug|x64
		{F14043A9-B611-4E60-9AC3-112CA42BCAFD}.Debug|x64.Build.0 = Debug|x64
		{F14043A9-B611-4E60-9AC3-112CA42BCAFD}.Debug|x64.Deploy.0 = Debug|x64
		{F14043A9-B611-4E60-9AC3-112CA42BCAFD}.Release|Win32.ActiveCfg = Release|Win32
		{F14043A9-B611-4E60-9AC3-112CA42BCAFD}.Release|Win32.Build.0 = Release|Win32
		{F14043A9-B611-4E60-9AC3-112CA42BCAFD}.Release|Win32.Deploy.0 = Release|Win32
		{F14043A9-B611-4E60-9AC3-112CA42BCAFD}.Release|x64.ActiveCfg = Release|x64
		{F14043A9-B611-4E60-9AC3-112CA42BCAFD}.Release|x64.Build.0 = Release|x64
		{F14043A9-B611-4E60-9AC3-112CA42BCAFD}.Release|x64.Deploy.0 = Release|x64
		{E5930D35-272E-40C7-A27A-3E0554789967}.Debug|Win32.ActiveCfg = Debug|Win32
		{E5930D35-272E-40C7-A27A-3E0554789967}.Debug|Win32.Build.0 = Debug|Win32
		{E5930D35-272E-40C7-A27A-3E0554789967}.Debug|Win32.Deploy.0 = Debug|Win32
		{E5930D35-272E-40C7-A27A-3E0554789967}.Debug|x64.ActiveCfg = Debug|x64
		{E5930D35-272E-40C7-A27A-3E0554789967}.Debug|x64.Build.0 = Debug|x64
		{E5930D35-272E-40C7-A27A-3E0554789967}.Debug|x64.Deploy.0 = Debug|x64
		{E5930D35-272E-40C7-A27A-3E0554789967}.Release|Win32.ActiveCfg = Release|Win32
		{E5930D35-272E-40C7-A27A-3E0554789967}.Release|Win32.Build.0 = Release|Win32
		{E5930D35-272E-40C7-A27A-3E0554789967}.Release|Win32.Deploy.0 = Release|Win32
		{E5930D35-272E-40C7-A27A-3E0554789967}.Release|x64.ActiveCfg = Release|x64
		{E5930D35-272E-40C7-A27A-3E0554789967}.Release|x64.Build.0 = Release|x64
		{E5930D35-272E-40C7-A27A-3E0554789967}.Release|x64.Deploy.0 = Release|x64
		{E5DEFF28-BEB3-4285-9FEC-F568B62D95C6}.Debug|Win32.ActiveCfg = Debug|Win32
		{E5DEFF28-BEB3-4285-9FEC-F568B62D95C6}.Debug|Win32.Build.0 = Debug|Win32
		{E5DEFF28-BEB3-4285-9FEC-F568B62D95C6}.Debug|Win32.Deploy.0 = Debug|Win32
		{E5DEFF28-BEB3-4285-9FEC-F568B62D95C6}.Debug|x64.ActiveCfg = Debug|x64
		{E5DEFF28-BEB3-4285-9FEC-F568B62D95C6}.Debug|x64.Build.0 = Debug|x64
		{E5DEFF28-BEB3-4285-9FEC-F568B62D95C6}.Debug|x64.Deploy.0 = Debug|x64
		{E5DEFF28-BEB3-4285-9FEC-F568B62D95C6}.Release|Win32.ActiveCfg = Release|Win32
		{E5DEFF28-BEB3-4285-9FEC-F568B62D95C6}.Release|Win32.Build.0 = Release|Win32
		{E5DEFF28-BEB3-4285-9FEC-F568B62D95C6}.Release|Win32.Deploy.0 = Release|Win32
		{E5DEFF28-BEB3-4285-9FEC-F568B62D95C6}.Release|x64.ActiveCfg = Release|x64
		{E5DEFF28-BEB3-4285-9FEC-F568B62D95C6}.Release|x64.Build.0 = Release|x64
		{E5DEFF28-BEB3-4285-9FEC-F568B62D95C6}.Release|x64.Deploy.0 = Release|x64
	EndGlobalSection
	GlobalSection(SolutionProperties) = preSolution
		HideSolutionNode = FALSE
	EndGlobalSection
EndGlobal
