
Microsoft Visual Studio Solution File, Format Version 11.00
# Visual Studio 14
Project("{8BC9CEB8-8B4A-11D0-8D11-00A0C91BC942}") = "3d", "3d.vcxproj", "{9195CAF4-D9E1-42A2-A88B-1B321AF584DE}"
EndProject
Project("{8BC9CEB8-8B4A-11D0-8D11-00A0C91BC942}") = "asyncio", "asyncio.vcxproj", "{B28AEE8E-7017-4F29-8420-3E315C8D67B0}"
EndProject
Project("{8BC9CEB8-8B4A-11D0-8D11-00A0C91BC942}") = "channel_groups", "channel_groups.vcxproj", "{BE47088D-F833-40F2-A73B-5069F10C4413}"
EndProject
Project("{8BC9CEB8-8B4A-11D0-8D11-00A0C91BC942}") = "convolution_reverb", "convolution_reverb.vcxproj", "{ACD8ED1B-2485-4B9C-96E5-7D885F2F7B1A}"
EndProject
Project("{8BC9CEB8-8B4A-11D0-8D11-00A0C91BC942}") = "dsp_custom", "dsp_custom.vcxproj", "{66892B85-1A16-4073-9310-2E31F004543E}"
EndProject
Project("{8BC9CEB8-8B4A-11D0-8D11-00A0C91BC942}") = "dsp_effect_per_speaker", "dsp_effect_per_speaker.vcxproj", "{3F335D8C-C362-42F4-851F-A40B0660B5AE}"
EndProject
Project("{8BC9CEB8-8B4A-11D0-8D11-00A0C91BC942}") = "dsp_inspector", "dsp_inspector.vcxproj", "{5F3BF6A5-5AC2-4EF4-BAAD-A34CD49B620B}"
EndProject
Project("{8BC9CEB8-8B4A-11D0-8D11-00A0C91BC942}") = "effects", "effects.vcxproj", "{F4ED2516-FBBE-4751-B93F-99AC956D4517}"
EndProject
Project("{8BC9CEB8-8B4A-11D0-8D11-00A0C91BC942}") = "gapless_playback", "gapless_playback.vcxproj", "{CC67FA94-33CC-46C6-BD82-5DB2AFB15CD8}"
EndProject
Project("{8BC9CEB8-8B4A-11D0-8D11-00A0C91BC942}") = "generate_tone", "generate_tone.vcxproj", "{AC70125B-FFBE-4AD3-9E6C-9BA190A0C306}"
EndProject
Project("{8BC9CEB8-8B4A-11D0-8D11-00A0C91BC942}") = "granular_synth", "granular_synth.vcxproj", "{73BFEF4E-3983-4333-82E6-0C347B483306}"
EndProject
Project("{8BC9CEB8-8B4A-11D0-8D11-00A0C91BC942}") = "load_from_memory", "load_from_memory.vcxproj", "{A4535D5C-597C-475E-BD9E-8EB3B8D71013}"
EndProject
Project("{8BC9CEB8-8B4A-11D0-8D11-00A0C91BC942}") = "multiple_speaker", "multiple_speaker.vcxproj", "{6B61C58B-92CC-4C38-B1BF-8AD6073FC9EC}"
EndProject
Project("{8BC9CEB8-8B4A-11D0-8D11-00A0C91BC942}") = "multiple_system", "multiple_system.vcxproj", "{28DE542B-12A5-4F91-AD32-0D8F1D3B7694}"
EndProject
Project("{8BC9CEB8-8B4A-11D0-8D11-00A0C91BC942}") = "net_stream", "net_stream.vcxproj", "{11FC30FB-CC5D-4667-81BA-19EC9F708059}"
EndProject
Project("{8BC9CEB8-8B4A-11D0-8D11-00A0C91BC942}") = "play_sound", "play_sound.vcxproj", "{40CB483A-EFAD-459E-B625-33EA4C53714F}"
EndProject
Project("{8BC9CEB8-8B4A-11D0-8D11-00A0C91BC942}") = "play_stream", "play_stream.vcxproj", "{C4A0A84D-F9A7-4B64-96ED-2886BE9B700D}"
EndProject
Project("{8BC9CEB8-8B4A-11D0-8D11-00A0C91BC942}") = "record", "record.vcxproj", "{595C2010-88EF-4019-8BDC-A8096541553A}"
EndProject
Project("{8BC9CEB8-8B4A-11D0-8D11-00A0C91BC942}") = "record_enumeration", "record_enumeration.vcxproj", "{2E42BAF1-38CF-49C2-9D31-C2C29A90C526}"
EndProject
Project("{8BC9CEB8-8B4A-11D0-8D11-00A0C91BC942}") = "user_created_sound", "user_created_sound.vcxproj", "{F4D17DAD-5E41-435B-BAF4-76D617770432}"
EndProject
Project("{8BC9CEB8-8B4A-11D0-8D11-00A0C91BC942}") = "fmod_codec_raw", "fmod_codec_raw.vcxproj", "{7C74A032-F33E-40B9-9F96-29199B0C6FDD}"
EndProject
Project("{8BC9CEB8-8B4A-11D0-8D11-00A0C91BC942}") = "fmod_distance_filter", "fmod_distance_filter.vcxproj", "{FA1B25D8-5C46-4B1D-8C2E-8A0523183625}"
EndProject
Project("{8BC9CEB8-8B4A-11D0-8D11-00A0C91BC942}") = "fmod_gain", "fmod_gain.vcxproj", "{2CF5C944-35B0-4063-AA98-7ADA22485453}"
EndProject
Project("{8BC9CEB8-8B4A-11D0-8D11-00A0C91BC942}") = "fmod_noise", "fmod_noise.vcxproj", "{936BF61B-8B8A-479A-BE64-292DDE2D8715}"
EndProject
Project("{8BC9CEB8-8B4A-11D0-8D11-00A0C91BC942}") = "output_mp3", "output_mp3.vcxproj", "{FB1656DE-FB95-47D8-9D2F-EAEB849CCB60}"
EndProject
Global
	GlobalSection(SolutionConfigurationPlatforms) = preSolution
		Debug|Win32 = Debug|Win32
		Debug|x64 = Debug|x64
		Release|Win32 = Release|Win32
		Release|x64 = Release|x64
	EndGlobalSection
	GlobalSection(ProjectConfigurationPlatforms) = postSolution
		{9195CAF4-D9E1-42A2-A88B-1B321AF584DE}.Debug|Win32.ActiveCfg = Debug|Win32
		{9195CAF4-D9E1-42A2-A88B-1B321AF584DE}.Debug|Win32.Build.0 = Debug|Win32
		{9195CAF4-D9E1-42A2-A88B-1B321AF584DE}.Debug|Win32.Deploy.0 = Debug|Win32
		{9195CAF4-D9E1-42A2-A88B-1B321AF584DE}.Debug|x64.ActiveCfg = Debug|x64
		{9195CAF4-D9E1-42A2-A88B-1B321AF584DE}.Debug|x64.Build.0 = Debug|x64
		{9195CAF4-D9E1-42A2-A88B-1B321AF584DE}.Debug|x64.Deploy.0 = Debug|x64
		{9195CAF4-D9E1-42A2-A88B-1B321AF584DE}.Release|Win32.ActiveCfg = Release|Win32
		{9195CAF4-D9E1-42A2-A88B-1B321AF584DE}.Release|Win32.Build.0 = Release|Win32
		{9195CAF4-D9E1-42A2-A88B-1B321AF584DE}.Release|Win32.Deploy.0 = Release|Win32
		{9195CAF4-D9E1-42A2-A88B-1B321AF584DE}.Release|x64.ActiveCfg = Release|x64
		{9195CAF4-D9E1-42A2-A88B-1B321AF584DE}.Release|x64.Build.0 = Release|x64
		{9195CAF4-D9E1-42A2-A88B-1B321AF584DE}.Release|x64.Deploy.0 = Release|x64
		{B28AEE8E-7017-4F29-8420-3E315C8D67B0}.Debug|Win32.ActiveCfg = Debug|Win32
		{B28AEE8E-7017-4F29-8420-3E315C8D67B0}.Debug|Win32.Build.0 = Debug|Win32
		{B28AEE8E-7017-4F29-8420-3E315C8D67B0}.Debug|Win32.Deploy.0 = Debug|Win32
		{B28AEE8E-7017-4F29-8420-3E315C8D67B0}.Debug|x64.ActiveCfg = Debug|x64
		{B28AEE8E-7017-4F29-8420-3E315C8D67B0}.Debug|x64.Build.0 = Debug|x64
		{B28AEE8E-7017-4F29-8420-3E315C8D67B0}.Debug|x64.Deploy.0 = Debug|x64
		{B28AEE8E-7017-4F29-8420-3E315C8D67B0}.Release|Win32.ActiveCfg = Release|Win32
		{B28AEE8E-7017-4F29-8420-3E315C8D67B0}.Release|Win32.Build.0 = Release|Win32
		{B28AEE8E-7017-4F29-8420-3E315C8D67B0}.Release|Win32.Deploy.0 = Release|Win32
		{B28AEE8E-7017-4F29-8420-3E315C8D67B0}.Release|x64.ActiveCfg = Release|x64
		{B28AEE8E-7017-4F29-8420-3E315C8D67B0}.Release|x64.Build.0 = Release|x64
		{B28AEE8E-7017-4F29-8420-3E315C8D67B0}.Release|x64.Deploy.0 = Release|x64
		{BE47088D-F833-40F2-A73B-5069F10C4413}.Debug|Win32.ActiveCfg = Debug|Win32
		{BE47088D-F833-40F2-A73B-5069F10C4413}.Debug|Win32.Build.0 = Debug|Win32
		{BE47088D-F833-40F2-A73B-5069F10C4413}.Debug|Win32.Deploy.0 = Debug|Win32
		{BE47088D-F833-40F2-A73B-5069F10C4413}.Debug|x64.ActiveCfg = Debug|x64
		{BE47088D-F833-40F2-A73B-5069F10C4413}.Debug|x64.Build.0 = Debug|x64
		{BE47088D-F833-40F2-A73B-5069F10C4413}.Debug|x64.Deploy.0 = Debug|x64
		{BE47088D-F833-40F2-A73B-5069F10C4413}.Release|Win32.ActiveCfg = Release|Win32
		{BE47088D-F833-40F2-A73B-5069F10C4413}.Release|Win32.Build.0 = Release|Win32
		{BE47088D-F833-40F2-A73B-5069F10C4413}.Release|Win32.Deploy.0 = Release|Win32
		{BE47088D-F833-40F2-A73B-5069F10C4413}.Release|x64.ActiveCfg = Release|x64
		{BE47088D-F833-40F2-A73B-5069F10C4413}.Release|x64.Build.0 = Release|x64
		{BE47088D-F833-40F2-A73B-5069F10C4413}.Release|x64.Deploy.0 = Release|x64
		{ACD8ED1B-2485-4B9C-96E5-7D885F2F7B1A}.Debug|Win32.ActiveCfg = Debug|Win32
		{ACD8ED1B-2485-4B9C-96E5-7D885F2F7B1A}.Debug|Win32.Build.0 = Debug|Win32
		{ACD8ED1B-2485-4B9C-96E5-7D885F2F7B1A}.Debug|Win32.Deploy.0 = Debug|Win32
		{ACD8ED1B-2485-4B9C-96E5-7D885F2F7B1A}.Debug|x64.ActiveCfg = Debug|x64
		{ACD8ED1B-2485-4B9C-96E5-7D885F2F7B1A}.Debug|x64.Build.0 = Debug|x64
		{ACD8ED1B-2485-4B9C-96E5-7D885F2F7B1A}.Debug|x64.Deploy.0 = Debug|x64
		{ACD8ED1B-2485-4B9C-96E5-7D885F2F7B1A}.Release|Win32.ActiveCfg = Release|Win32
		{ACD8ED1B-2485-4B9C-96E5-7D885F2F7B1A}.Release|Win32.Build.0 = Release|Win32
		{ACD8ED1B-2485-4B9C-96E5-7D885F2F7B1A}.Release|Win32.Deploy.0 = Release|Win32
		{ACD8ED1B-2485-4B9C-96E5-7D885F2F7B1A}.Release|x64.ActiveCfg = Release|x64
		{ACD8ED1B-2485-4B9C-96E5-7D885F2F7B1A}.Release|x64.Build.0 = Release|x64
		{ACD8ED1B-2485-4B9C-96E5-7D885F2F7B1A}.Release|x64.Deploy.0 = Release|x64
		{66892B85-1A16-4073-9310-2E31F004543E}.Debug|Win32.ActiveCfg = Debug|Win32
		{66892B85-1A16-4073-9310-2E31F004543E}.Debug|Win32.Build.0 = Debug|Win32
		{66892B85-1A16-4073-9310-2E31F004543E}.Debug|Win32.Deploy.0 = Debug|Win32
		{66892B85-1A16-4073-9310-2E31F004543E}.Debug|x64.ActiveCfg = Debug|x64
		{66892B85-1A16-4073-9310-2E31F004543E}.Debug|x64.Build.0 = Debug|x64
		{66892B85-1A16-4073-9310-2E31F004543E}.Debug|x64.Deploy.0 = Debug|x64
		{66892B85-1A16-4073-9310-2E31F004543E}.Release|Win32.ActiveCfg = Release|Win32
		{66892B85-1A16-4073-9310-2E31F004543E}.Release|Win32.Build.0 = Release|Win32
		{66892B85-1A16-4073-9310-2E31F004543E}.Release|Win32.Deploy.0 = Release|Win32
		{66892B85-1A16-4073-9310-2E31F004543E}.Release|x64.ActiveCfg = Release|x64
		{66892B85-1A16-4073-9310-2E31F004543E}.Release|x64.Build.0 = Release|x64
		{66892B85-1A16-4073-9310-2E31F004543E}.Release|x64.Deploy.0 = Release|x64
		{3F335D8C-C362-42F4-851F-A40B0660B5AE}.Debug|Win32.ActiveCfg = Debug|Win32
		{3F335D8C-C362-42F4-851F-A40B0660B5AE}.Debug|Win32.Build.0 = Debug|Win32
		{3F335D8C-C362-42F4-851F-A40B0660B5AE}.Debug|Win32.Deploy.0 = Debug|Win32
		{3F335D8C-C362-42F4-851F-A40B0660B5AE}.Debug|x64.ActiveCfg = Debug|x64
		{3F335D8C-C362-42F4-851F-A40B0660B5AE}.Debug|x64.Build.0 = Debug|x64
		{3F335D8C-C362-42F4-851F-A40B0660B5AE}.Debug|x64.Deploy.0 = Debug|x64
		{3F335D8C-C362-42F4-851F-A40B0660B5AE}.Release|Win32.ActiveCfg = Release|Win32
		{3F335D8C-C362-42F4-851F-A40B0660B5AE}.Release|Win32.Build.0 = Release|Win32
		{3F335D8C-C362-42F4-851F-A40B0660B5AE}.Release|Win32.Deploy.0 = Release|Win32
		{3F335D8C-C362-42F4-851F-A40B0660B5AE}.Release|x64.ActiveCfg = Release|x64
		{3F335D8C-C362-42F4-851F-A40B0660B5AE}.Release|x64.Build.0 = Release|x64
		{3F335D8C-C362-42F4-851F-A40B0660B5AE}.Release|x64.Deploy.0 = Release|x64
		{5F3BF6A5-5AC2-4EF4-BAAD-A34CD49B620B}.Debug|Win32.ActiveCfg = Debug|Win32
		{5F3BF6A5-5AC2-4EF4-BAAD-A34CD49B620B}.Debug|Win32.Build.0 = Debug|Win32
		{5F3BF6A5-5AC2-4EF4-BAAD-A34CD49B620B}.Debug|Win32.Deploy.0 = Debug|Win32
		{5F3BF6A5-5AC2-4EF4-BAAD-A34CD49B620B}.Debug|x64.ActiveCfg = Debug|x64
		{5F3BF6A5-5AC2-4EF4-BAAD-A34CD49B620B}.Debug|x64.Build.0 = Debug|x64
		{5F3BF6A5-5AC2-4EF4-BAAD-A34CD49B620B}.Debug|x64.Deploy.0 = Debug|x64
		{5F3BF6A5-5AC2-4EF4-BAAD-A34CD49B620B}.Release|Win32.ActiveCfg = Release|Win32
		{5F3BF6A5-5AC2-4EF4-BAAD-A34CD49B620B}.Release|Win32.Build.0 = Release|Win32
		{5F3BF6A5-5AC2-4EF4-BAAD-A34CD49B620B}.Release|Win32.Deploy.0 = Release|Win32
		{5F3BF6A5-5AC2-4EF4-BAAD-A34CD49B620B}.Release|x64.ActiveCfg = Release|x64
		{5F3BF6A5-5AC2-4EF4-BAAD-A34CD49B620B}.Release|x64.Build.0 = Release|x64
		{5F3BF6A5-5AC2-4EF4-BAAD-A34CD49B620B}.Release|x64.Deploy.0 = Release|x64
		{F4ED2516-FBBE-4751-B93F-99AC956D4517}.Debug|Win32.ActiveCfg = Debug|Win32
		{F4ED2516-FBBE-4751-B93F-99AC956D4517}.Debug|Win32.Build.0 = Debug|Win32
		{F4ED2516-FBBE-4751-B93F-99AC956D4517}.Debug|Win32.Deploy.0 = Debug|Win32
		{F4ED2516-FBBE-4751-B93F-99AC956D4517}.Debug|x64.ActiveCfg = Debug|x64
		{F4ED2516-FBBE-4751-B93F-99AC956D4517}.Debug|x64.Build.0 = Debug|x64
		{F4ED2516-FBBE-4751-B93F-99AC956D4517}.Debug|x64.Deploy.0 = Debug|x64
		{F4ED2516-FBBE-4751-B93F-99AC956D4517}.Release|Win32.ActiveCfg = Release|Win32
		{F4ED2516-FBBE-4751-B93F-99AC956D4517}.Release|Win32.Build.0 = Release|Win32
		{F4ED2516-FBBE-4751-B93F-99AC956D4517}.Release|Win32.Deploy.0 = Release|Win32
		{F4ED2516-FBBE-4751-B93F-99AC956D4517}.Release|x64.ActiveCfg = Release|x64
		{F4ED2516-FBBE-4751-B93F-99AC956D4517}.Release|x64.Build.0 = Release|x64
		{F4ED2516-FBBE-4751-B93F-99AC956D4517}.Release|x64.Deploy.0 = Release|x64
		{CC67FA94-33CC-46C6-BD82-5DB2AFB15CD8}.Debug|Win32.ActiveCfg = Debug|Win32
		{CC67FA94-33CC-46C6-BD82-5DB2AFB15CD8}.Debug|Win32.Build.0 = Debug|Win32
		{CC67FA94-33CC-46C6-BD82-5DB2AFB15CD8}.Debug|Win32.Deploy.0 = Debug|Win32
		{CC67FA94-33CC-46C6-BD82-5DB2AFB15CD8}.Debug|x64.ActiveCfg = Debug|x64
		{CC67FA94-33CC-46C6-BD82-5DB2AFB15CD8}.Debug|x64.Build.0 = Debug|x64
		{CC67FA94-33CC-46C6-BD82-5DB2AFB15CD8}.Debug|x64.Deploy.0 = Debug|x64
		{CC67FA94-33CC-46C6-BD82-5DB2AFB15CD8}.Release|Win32.ActiveCfg = Release|Win32
		{CC67FA94-33CC-46C6-BD82-5DB2AFB15CD8}.Release|Win32.Build.0 = Release|Win32
		{CC67FA94-33CC-46C6-BD82-5DB2AFB15CD8}.Release|Win32.Deploy.0 = Release|Win32
		{CC67FA94-33CC-46C6-BD82-5DB2AFB15CD8}.Release|x64.ActiveCfg = Release|x64
		{CC67FA94-33CC-46C6-BD82-5DB2AFB15CD8}.Release|x64.Build.0 = Release|x64
		{CC67FA94-33CC-46C6-BD82-5DB2AFB15CD8}.Release|x64.Deploy.0 = Release|x64
		{AC70125B-FFBE-4AD3-9E6C-9BA190A0C306}.Debug|Win32.ActiveCfg = Debug|Win32
		{AC70125B-FFBE-4AD3-9E6C-9BA190A0C306}.Debug|Win32.Build.0 = Debug|Win32
		{AC70125B-FFBE-4AD3-9E6C-9BA190A0C306}.Debug|Win32.Deploy.0 = Debug|Win32
		{AC70125B-FFBE-4AD3-9E6C-9BA190A0C306}.Debug|x64.ActiveCfg = Debug|x64
		{AC70125B-FFBE-4AD3-9E6C-9BA190A0C306}.Debug|x64.Build.0 = Debug|x64
		{AC70125B-FFBE-4AD3-9E6C-9BA190A0C306}.Debug|x64.Deploy.0 = Debug|x64
		{AC70125B-FFBE-4AD3-9E6C-9BA190A0C306}.Release|Win32.ActiveCfg = Release|Win32
		{AC70125B-FFBE-4AD3-9E6C-9BA190A0C306}.Release|Win32.Build.0 = Release|Win32
		{AC70125B-FFBE-4AD3-9E6C-9BA190A0C306}.Release|Win32.Deploy.0 = Release|Win32
		{AC70125B-FFBE-4AD3-9E6C-9BA190A0C306}.Release|x64.ActiveCfg = Release|x64
		{AC70125B-FFBE-4AD3-9E6C-9BA190A0C306}.Release|x64.Build.0 = Release|x64
		{AC70125B-FFBE-4AD3-9E6C-9BA190A0C306}.Release|x64.Deploy.0 = Release|x64
		{73BFEF4E-3983-4333-82E6-0C347B483306}.Debug|Win32.ActiveCfg = Debug|Win32
		{73BFEF4E-3983-4333-82E6-0C347B483306}.Debug|Win32.Build.0 = Debug|Win32
		{73BFEF4E-3983-4333-82E6-0C347B483306}.Debug|Win32.Deploy.0 = Debug|Win32
		{73BFEF4E-3983-4333-82E6-0C347B483306}.Debug|x64.ActiveCfg = Debug|x64
		{73BFEF4E-3983-4333-82E6-0C347B483306}.Debug|x64.Build.0 = Debug|x64
		{73BFEF4E-3983-4333-82E6-0C347B483306}.Debug|x64.Deploy.0 = Debug|x64
		{73BFEF4E-3983-4333-82E6-0C347B483306}.Release|Win32.ActiveCfg = Release|Win32
		{73BFEF4E-3983-4333-82E6-0C347B483306}.Release|Win32.Build.0 = Release|Win32
		{73BFEF4E-3983-4333-82E6-0C347B483306}.Release|Win32.Deploy.0 = Release|Win32
		{73BFEF4E-3983-4333-82E6-0C347B483306}.Release|x64.ActiveCfg = Release|x64
		{73BFEF4E-3983-4333-82E6-0C347B483306}.Release|x64.Build.0 = Release|x64
		{73BFEF4E-3983-4333-82E6-0C347B483306}.Release|x64.Deploy.0 = Release|x64
		{A4535D5C-597C-475E-BD9E-8EB3B8D71013}.Debug|Win32.ActiveCfg = Debug|Win32
		{A4535D5C-597C-475E-BD9E-8EB3B8D71013}.Debug|Win32.Build.0 = Debug|Win32
		{A4535D5C-597C-475E-BD9E-8EB3B8D71013}.Debug|Win32.Deploy.0 = Debug|Win32
		{A4535D5C-597C-475E-BD9E-8EB3B8D71013}.Debug|x64.ActiveCfg = Debug|x64
		{A4535D5C-597C-475E-BD9E-8EB3B8D71013}.Debug|x64.Build.0 = Debug|x64
		{A4535D5C-597C-475E-BD9E-8EB3B8D71013}.Debug|x64.Deploy.0 = Debug|x64
		{A4535D5C-597C-475E-BD9E-8EB3B8D71013}.Release|Win32.ActiveCfg = Release|Win32
		{A4535D5C-597C-475E-BD9E-8EB3B8D71013}.Release|Win32.Build.0 = Release|Win32
		{A4535D5C-597C-475E-BD9E-8EB3B8D71013}.Release|Win32.Deploy.0 = Release|Win32
		{A4535D5C-597C-475E-BD9E-8EB3B8D71013}.Release|x64.ActiveCfg = Release|x64
		{A4535D5C-597C-475E-BD9E-8EB3B8D71013}.Release|x64.Build.0 = Release|x64
		{A4535D5C-597C-475E-BD9E-8EB3B8D71013}.Release|x64.Deploy.0 = Release|x64
		{6B61C58B-92CC-4C38-B1BF-8AD6073FC9EC}.Debug|Win32.ActiveCfg = Debug|Win32
		{6B61C58B-92CC-4C38-B1BF-8AD6073FC9EC}.Debug|Win32.Build.0 = Debug|Win32
		{6B61C58B-92CC-4C38-B1BF-8AD6073FC9EC}.Debug|Win32.Deploy.0 = Debug|Win32
		{6B61C58B-92CC-4C38-B1BF-8AD6073FC9EC}.Debug|x64.ActiveCfg = Debug|x64
		{6B61C58B-92CC-4C38-B1BF-8AD6073FC9EC}.Debug|x64.Build.0 = Debug|x64
		{6B61C58B-92CC-4C38-B1BF-8AD6073FC9EC}.Debug|x64.Deploy.0 = Debug|x64
		{6B61C58B-92CC-4C38-B1BF-8AD6073FC9EC}.Release|Win32.ActiveCfg = Release|Win32
		{6B61C58B-92CC-4C38-B1BF-8AD6073FC9EC}.Release|Win32.Build.0 = Release|Win32
		{6B61C58B-92CC-4C38-B1BF-8AD6073FC9EC}.Release|Win32.Deploy.0 = Release|Win32
		{6B61C58B-92CC-4C38-B1BF-8AD6073FC9EC}.Release|x64.ActiveCfg = Release|x64
		{6B61C58B-92CC-4C38-B1BF-8AD6073FC9EC}.Release|x64.Build.0 = Release|x64
		{6B61C58B-92CC-4C38-B1BF-8AD6073FC9EC}.Release|x64.Deploy.0 = Release|x64
		{28DE542B-12A5-4F91-AD32-0D8F1D3B7694}.Debug|Win32.ActiveCfg = Debug|Win32
		{28DE542B-12A5-4F91-AD32-0D8F1D3B7694}.Debug|Win32.Build.0 = Debug|Win32
		{28DE542B-12A5-4F91-AD32-0D8F1D3B7694}.Debug|Win32.Deploy.0 = Debug|Win32
		{28DE542B-12A5-4F91-AD32-0D8F1D3B7694}.Debug|x64.ActiveCfg = Debug|x64
		{28DE542B-12A5-4F91-AD32-0D8F1D3B7694}.Debug|x64.Build.0 = Debug|x64
		{28DE542B-12A5-4F91-AD32-0D8F1D3B7694}.Debug|x64.Deploy.0 = Debug|x64
		{28DE542B-12A5-4F91-AD32-0D8F1D3B7694}.Release|Win32.ActiveCfg = Release|Win32
		{28DE542B-12A5-4F91-AD32-0D8F1D3B7694}.Release|Win32.Build.0 = Release|Win32
		{28DE542B-12A5-4F91-AD32-0D8F1D3B7694}.Release|Win32.Deploy.0 = Release|Win32
		{28DE542B-12A5-4F91-AD32-0D8F1D3B7694}.Release|x64.ActiveCfg = Release|x64
		{28DE542B-12A5-4F91-AD32-0D8F1D3B7694}.Release|x64.Build.0 = Release|x64
		{28DE542B-12A5-4F91-AD32-0D8F1D3B7694}.Release|x64.Deploy.0 = Release|x64
		{11FC30FB-CC5D-4667-81BA-19EC9F708059}.Debug|Win32.ActiveCfg = Debug|Win32
		{11FC30FB-CC5D-4667-81BA-19EC9F708059}.Debug|Win32.Build.0 = Debug|Win32
		{11FC30FB-CC5D-4667-81BA-19EC9F708059}.Debug|Win32.Deploy.0 = Debug|Win32
		{11FC30FB-CC5D-4667-81BA-19EC9F708059}.Debug|x64.ActiveCfg = Debug|x64
		{11FC30FB-CC5D-4667-81BA-19EC9F708059}.Debug|x64.Build.0 = Debug|x64
		{11FC30FB-CC5D-4667-81BA-19EC9F708059}.Debug|x64.Deploy.0 = Debug|x64
		{11FC30FB-CC5D-4667-81BA-19EC9F708059}.Release|Win32.ActiveCfg = Release|Win32
		{11FC30FB-CC5D-4667-81BA-19EC9F708059}.Release|Win32.Build.0 = Release|Win32
		{11FC30FB-CC5D-4667-81BA-19EC9F708059}.Release|Win32.Deploy.0 = Release|Win32
		{11FC30FB-CC5D-4667-81BA-19EC9F708059}.Release|x64.ActiveCfg = Release|x64
		{11FC30FB-CC5D-4667-81BA-19EC9F708059}.Release|x64.Build.0 = Release|x64
		{11FC30FB-CC5D-4667-81BA-19EC9F708059}.Release|x64.Deploy.0 = Release|x64
		{40CB483A-EFAD-459E-B625-33EA4C53714F}.Debug|Win32.ActiveCfg = Debug|Win32
		{40CB483A-EFAD-459E-B625-33EA4C53714F}.Debug|Win32.Build.0 = Debug|Win32
		{40CB483A-EFAD-459E-B625-33EA4C53714F}.Debug|Win32.Deploy.0 = Debug|Win32
		{40CB483A-EFAD-459E-B625-33EA4C53714F}.Debug|x64.ActiveCfg = Debug|x64
		{40CB483A-EFAD-459E-B625-33EA4C53714F}.Debug|x64.Build.0 = Debug|x64
		{40CB483A-EFAD-459E-B625-33EA4C53714F}.Debug|x64.Deploy.0 = Debug|x64
		{40CB483A-EFAD-459E-B625-33EA4C53714F}.Release|Win32.ActiveCfg = Release|Win32
		{40CB483A-EFAD-459E-B625-33EA4C53714F}.Release|Win32.Build.0 = Release|Win32
		{40CB483A-EFAD-459E-B625-33EA4C53714F}.Release|Win32.Deploy.0 = Release|Win32
		{40CB483A-EFAD-459E-B625-33EA4C53714F}.Release|x64.ActiveCfg = Release|x64
		{40CB483A-EFAD-459E-B625-33EA4C53714F}.Release|x64.Build.0 = Release|x64
		{40CB483A-EFAD-459E-B625-33EA4C53714F}.Release|x64.Deploy.0 = Release|x64
		{C4A0A84D-F9A7-4B64-96ED-2886BE9B700D}.Debug|Win32.ActiveCfg = Debug|Win32
		{C4A0A84D-F9A7-4B64-96ED-2886BE9B700D}.Debug|Win32.Build.0 = Debug|Win32
		{C4A0A84D-F9A7-4B64-96ED-2886BE9B700D}.Debug|Win32.Deploy.0 = Debug|Win32
		{C4A0A84D-F9A7-4B64-96ED-2886BE9B700D}.Debug|x64.ActiveCfg = Debug|x64
		{C4A0A84D-F9A7-4B64-96ED-2886BE9B700D}.Debug|x64.Build.0 = Debug|x64
		{C4A0A84D-F9A7-4B64-96ED-2886BE9B700D}.Debug|x64.Deploy.0 = Debug|x64
		{C4A0A84D-F9A7-4B64-96ED-2886BE9B700D}.Release|Win32.ActiveCfg = Release|Win32
		{C4A0A84D-F9A7-4B64-96ED-2886BE9B700D}.Release|Win32.Build.0 = Release|Win32
		{C4A0A84D-F9A7-4B64-96ED-2886BE9B700D}.Release|Win32.Deploy.0 = Release|Win32
		{C4A0A84D-F9A7-4B64-96ED-2886BE9B700D}.Release|x64.ActiveCfg = Release|x64
		{C4A0A84D-F9A7-4B64-96ED-2886BE9B700D}.Release|x64.Build.0 = Release|x64
		{C4A0A84D-F9A7-4B64-96ED-2886BE9B700D}.Release|x64.Deploy.0 = Release|x64
		{595C2010-88EF-4019-8BDC-A8096541553A}.Debug|Win32.ActiveCfg = Debug|Win32
		{595C2010-88EF-4019-8BDC-A8096541553A}.Debug|Win32.Build.0 = Debug|Win32
		{595C2010-88EF-4019-8BDC-A8096541553A}.Debug|Win32.Deploy.0 = Debug|Win32
		{595C2010-88EF-4019-8BDC-A8096541553A}.Debug|x64.ActiveCfg = Debug|x64
		{595C2010-88EF-4019-8BDC-A8096541553A}.Debug|x64.Build.0 = Debug|x64
		{595C2010-88EF-4019-8BDC-A8096541553A}.Debug|x64.Deploy.0 = Debug|x64
		{595C2010-88EF-4019-8BDC-A8096541553A}.Release|Win32.ActiveCfg = Release|Win32
		{595C2010-88EF-4019-8BDC-A8096541553A}.Release|Win32.Build.0 = Release|Win32
		{595C2010-88EF-4019-8BDC-A8096541553A}.Release|Win32.Deploy.0 = Release|Win32
		{595C2010-88EF-4019-8BDC-A8096541553A}.Release|x64.ActiveCfg = Release|x64
		{595C2010-88EF-4019-8BDC-A8096541553A}.Release|x64.Build.0 = Release|x64
		{595C2010-88EF-4019-8BDC-A8096541553A}.Release|x64.Deploy.0 = Release|x64
		{2E42BAF1-38CF-49C2-9D31-C2C29A90C526}.Debug|Win32.ActiveCfg = Debug|Win32
		{2E42BAF1-38CF-49C2-9D31-C2C29A90C526}.Debug|Win32.Build.0 = Debug|Win32
		{2E42BAF1-38CF-49C2-9D31-C2C29A90C526}.Debug|Win32.Deploy.0 = Debug|Win32
		{2E42BAF1-38CF-49C2-9D31-C2C29A90C526}.Debug|x64.ActiveCfg = Debug|x64
		{2E42BAF1-38CF-49C2-9D31-C2C29A90C526}.Debug|x64.Build.0 = Debug|x64
		{2E42BAF1-38CF-49C2-9D31-C2C29A90C526}.Debug|x64.Deploy.0 = Debug|x64
		{2E42BAF1-38CF-49C2-9D31-C2C29A90C526}.Release|Win32.ActiveCfg = Release|Win32
		{2E42BAF1-38CF-49C2-9D31-C2C29A90C526}.Release|Win32.Build.0 = Release|Win32
		{2E42BAF1-38CF-49C2-9D31-C2C29A90C526}.Release|Win32.Deploy.0 = Release|Win32
		{2E42BAF1-38CF-49C2-9D31-C2C29A90C526}.Release|x64.ActiveCfg = Release|x64
		{2E42BAF1-38CF-49C2-9D31-C2C29A90C526}.Release|x64.Build.0 = Release|x64
		{2E42BAF1-38CF-49C2-9D31-C2C29A90C526}.Release|x64.Deploy.0 = Release|x64
		{F4D17DAD-5E41-435B-BAF4-76D617770432}.Debug|Win32.ActiveCfg = Debug|Win32
		{F4D17DAD-5E41-435B-BAF4-76D617770432}.Debug|Win32.Build.0 = Debug|Win32
		{F4D17DAD-5E41-435B-BAF4-76D617770432}.Debug|Win32.Deploy.0 = Debug|Win32
		{F4D17DAD-5E41-435B-BAF4-76D617770432}.Debug|x64.ActiveCfg = Debug|x64
		{F4D17DAD-5E41-435B-BAF4-76D617770432}.Debug|x64.Build.0 = Debug|x64
		{F4D17DAD-5E41-435B-BAF4-76D617770432}.Debug|x64.Deploy.0 = Debug|x64
		{F4D17DAD-5E41-435B-BAF4-76D617770432}.Release|Win32.ActiveCfg = Release|Win32
		{F4D17DAD-5E41-435B-BAF4-76D617770432}.Release|Win32.Build.0 = Release|Win32
		{F4D17DAD-5E41-435B-BAF4-76D617770432}.Release|Win32.Deploy.0 = Release|Win32
		{F4D17DAD-5E41-435B-BAF4-76D617770432}.Release|x64.ActiveCfg = Release|x64
		{F4D17DAD-5E41-435B-BAF4-76D617770432}.Release|x64.Build.0 = Release|x64
		{F4D17DAD-5E41-435B-BAF4-76D617770432}.Release|x64.Deploy.0 = Release|x64
		{7C74A032-F33E-40B9-9F96-29199B0C6FDD}.Debug|Win32.ActiveCfg = Debug|Win32
		{7C74A032-F33E-40B9-9F96-29199B0C6FDD}.Debug|Win32.Build.0 = Debug|Win32
		{7C74A032-F33E-40B9-9F96-29199B0C6FDD}.Debug|Win32.Deploy.0 = Debug|Win32
		{7C74A032-F33E-40B9-9F96-29199B0C6FDD}.Debug|x64.ActiveCfg = Debug|x64
		{7C74A032-F33E-40B9-9F96-29199B0C6FDD}.Debug|x64.Build.0 = Debug|x64
		{7C74A032-F33E-40B9-9F96-29199B0C6FDD}.Debug|x64.Deploy.0 = Debug|x64
		{7C74A032-F33E-40B9-9F96-29199B0C6FDD}.Release|Win32.ActiveCfg = Release|Win32
		{7C74A032-F33E-40B9-9F96-29199B0C6FDD}.Release|Win32.Build.0 = Release|Win32
		{7C74A032-F33E-40B9-9F96-29199B0C6FDD}.Release|Win32.Deploy.0 = Release|Win32
		{7C74A032-F33E-40B9-9F96-29199B0C6FDD}.Release|x64.ActiveCfg = Release|x64
		{7C74A032-F33E-40B9-9F96-29199B0C6FDD}.Release|x64.Build.0 = Release|x64
		{7C74A032-F33E-40B9-9F96-29199B0C6FDD}.Release|x64.Deploy.0 = Release|x64
		{FA1B25D8-5C46-4B1D-8C2E-8A0523183625}.Debug|Win32.ActiveCfg = Debug|Win32
		{FA1B25D8-5C46-4B1D-8C2E-8A0523183625}.Debug|Win32.Build.0 = Debug|Win32
		{FA1B25D8-5C46-4B1D-8C2E-8A0523183625}.Debug|Win32.Deploy.0 = Debug|Win32
		{FA1B25D8-5C46-4B1D-8C2E-8A0523183625}.Debug|x64.ActiveCfg = Debug|x64
		{FA1B25D8-5C46-4B1D-8C2E-8A0523183625}.Debug|x64.Build.0 = Debug|x64
		{FA1B25D8-5C46-4B1D-8C2E-8A0523183625}.Debug|x64.Deploy.0 = Debug|x64
		{FA1B25D8-5C46-4B1D-8C2E-8A0523183625}.Release|Win32.ActiveCfg = Release|Win32
		{FA1B25D8-5C46-4B1D-8C2E-8A0523183625}.Release|Win32.Build.0 = Release|Win32
		{FA1B25D8-5C46-4B1D-8C2E-8A0523183625}.Release|Win32.Deploy.0 = Release|Win32
		{FA1B25D8-5C46-4B1D-8C2E-8A0523183625}.Release|x64.ActiveCfg = Release|x64
		{FA1B25D8-5C46-4B1D-8C2E-8A0523183625}.Release|x64.Build.0 = Release|x64
		{FA1B25D8-5C46-4B1D-8C2E-8A0523183625}.Release|x64.Deploy.0 = Release|x64
		{2CF5C944-35B0-4063-AA98-7ADA22485453}.Debug|Win32.ActiveCfg = Debug|Win32
		{2CF5C944-35B0-4063-AA98-7ADA22485453}.Debug|Win32.Build.0 = Debug|Win32
		{2CF5C944-35B0-4063-AA98-7ADA22485453}.Debug|Win32.Deploy.0 = Debug|Win32
		{2CF5C944-35B0-4063-AA98-7ADA22485453}.Debug|x64.ActiveCfg = Debug|x64
		{2CF5C944-35B0-4063-AA98-7ADA22485453}.Debug|x64.Build.0 = Debug|x64
		{2CF5C944-35B0-4063-AA98-7ADA22485453}.Debug|x64.Deploy.0 = Debug|x64
		{2CF5C944-35B0-4063-AA98-7ADA22485453}.Release|Win32.ActiveCfg = Release|Win32
		{2CF5C944-35B0-4063-AA98-7ADA22485453}.Release|Win32.Build.0 = Release|Win32
		{2CF5C944-35B0-4063-AA98-7ADA22485453}.Release|Win32.Deploy.0 = Release|Win32
		{2CF5C944-35B0-4063-AA98-7ADA22485453}.Release|x64.ActiveCfg = Release|x64
		{2CF5C944-35B0-4063-AA98-7ADA22485453}.Release|x64.Build.0 = Release|x64
		{2CF5C944-35B0-4063-AA98-7ADA22485453}.Release|x64.Deploy.0 = Release|x64
		{936BF61B-8B8A-479A-BE64-292DDE2D8715}.Debug|Win32.ActiveCfg = Debug|Win32
		{936BF61B-8B8A-479A-BE64-292DDE2D8715}.Debug|Win32.Build.0 = Debug|Win32
		{936BF61B-8B8A-479A-BE64-292DDE2D8715}.Debug|Win32.Deploy.0 = Debug|Win32
		{936BF61B-8B8A-479A-BE64-292DDE2D8715}.Debug|x64.ActiveCfg = Debug|x64
		{936BF61B-8B8A-479A-BE64-292DDE2D8715}.Debug|x64.Build.0 = Debug|x64
		{936BF61B-8B8A-479A-BE64-292DDE2D8715}.Debug|x64.Deploy.0 = Debug|x64
		{936BF61B-8B8A-479A-BE64-292DDE2D8715}.Release|Win32.ActiveCfg = Release|Win32
		{936BF61B-8B8A-479A-BE64-292DDE2D8715}.Release|Win32.Build.0 = Release|Win32
		{936BF61B-8B8A-479A-BE64-292DDE2D8715}.Release|Win32.Deploy.0 = Release|Win32
		{936BF61B-8B8A-479A-BE64-292DDE2D8715}.Release|x64.ActiveCfg = Release|x64
		{936BF61B-8B8A-479A-BE64-292DDE2D8715}.Release|x64.Build.0 = Release|x64
		{936BF61B-8B8A-479A-BE64-292DDE2D8715}.Release|x64.Deploy.0 = Release|x64
		{FB1656DE-FB95-47D8-9D2F-EAEB849CCB60}.Debug|Win32.ActiveCfg = Debug|Win32
		{FB1656DE-FB95-47D8-9D2F-EAEB849CCB60}.Debug|Win32.Build.0 = Debug|Win32
		{FB1656DE-FB95-47D8-9D2F-EAEB849CCB60}.Debug|Win32.Deploy.0 = Debug|Win32
		{FB1656DE-FB95-47D8-9D2F-EAEB849CCB60}.Debug|x64.ActiveCfg = Debug|x64
		{FB1656DE-FB95-47D8-9D2F-EAEB849CCB60}.Debug|x64.Build.0 = Debug|x64
		{FB1656DE-FB95-47D8-9D2F-EAEB849CCB60}.Debug|x64.Deploy.0 = Debug|x64
		{FB1656DE-FB95-47D8-9D2F-EAEB849CCB60}.Release|Win32.ActiveCfg = Release|Win32
		{FB1656DE-FB95-47D8-9D2F-EAEB849CCB60}.Release|Win32.Build.0 = Release|Win32
		{FB1656DE-FB95-47D8-9D2F-EAEB849CCB60}.Release|Win32.Deploy.0 = Release|Win32
		{FB1656DE-FB95-47D8-9D2F-EAEB849CCB60}.Release|x64.ActiveCfg = Release|x64
		{FB1656DE-FB95-47D8-9D2F-EAEB849CCB60}.Release|x64.Build.0 = Release|x64
		{FB1656DE-FB95-47D8-9D2F-EAEB849CCB60}.Release|x64.Deploy.0 = Release|x64
	EndGlobalSection
	GlobalSection(SolutionProperties) = preSolution
		HideSolutionNode = FALSE
	EndGlobalSection
EndGlobal
