
Microsoft Visual Studio Solution File, Format Version 11.00
# Visual Studio 2012
Project("{8BC9CEB8-8B4A-11D0-8D11-00A0C91BC942}") = "3d", "3d.vcxproj", "{7072226B-2F75-4B17-8633-DEDD39E4CB5E}"
EndProject
Project("{8BC9CEB8-8B4A-11D0-8D11-00A0C91BC942}") = "asyncio", "asyncio.vcxproj", "{73694721-A799-45EF-B553-0BDBB94F65E7}"
EndProject
Project("{8BC9CEB8-8B4A-11D0-8D11-00A0C91BC942}") = "channel_groups", "channel_groups.vcxproj", "{76A30A9D-FB81-453A-9BE4-00D7FEEF2199}"
EndProject
Project("{8BC9CEB8-8B4A-11D0-8D11-00A0C91BC942}") = "convolution_reverb", "convolution_reverb.vcxproj", "{5F2ACC72-ACC0-4356-B4E9-D948C571C12E}"
EndProject
Project("{8BC9CEB8-8B4A-11D0-8D11-00A0C91BC942}") = "dsp_custom", "dsp_custom.vcxproj", "{EE455112-EB08-4FD3-8790-78001EB79D85}"
EndProject
Project("{8BC9CEB8-8B4A-11D0-8D11-00A0C91BC942}") = "dsp_effect_per_speaker", "dsp_effect_per_speaker.vcxproj", "{6D4DC41E-966E-4B58-B0F0-3B938018E106}"
EndProject
Project("{8BC9CEB8-8B4A-11D0-8D11-00A0C91BC942}") = "dsp_inspector", "dsp_inspector.vcxproj", "{B84AA578-7636-4784-B81E-96749C20C97E}"
EndProject
Project("{8BC9CEB8-8B4A-11D0-8D11-00A0C91BC942}") = "effects", "effects.vcxproj", "{66FB1867-D04F-4B48-950C-6D6D7ACCDAA3}"
EndProject
Project("{8BC9CEB8-8B4A-11D0-8D11-00A0C91BC942}") = "gapless_playback", "gapless_playback.vcxproj", "{C709D0C9-6FAD-4BCB-A050-6E35461CE7BD}"
EndProject
Project("{8BC9CEB8-8B4A-11D0-8D11-00A0C91BC942}") = "generate_tone", "generate_tone.vcxproj", "{B4A057E1-329E-4971-A7A6-01A6C66685E7}"
EndProject
Project("{8BC9CEB8-8B4A-11D0-8D11-00A0C91BC942}") = "granular_synth", "granular_synth.vcxproj", "{6515C513-3BE5-4916-BD79-398F978BAC7A}"
EndProject
Project("{8BC9CEB8-8B4A-11D0-8D11-00A0C91BC942}") = "load_from_memory", "load_from_memory.vcxproj", "{B923441D-C84C-4DDC-A99F-1FDF19F6FA97}"
EndProject
Project("{8BC9CEB8-8B4A-11D0-8D11-00A0C91BC942}") = "multiple_speaker", "multiple_speaker.vcxproj", "{5F30758B-A022-4476-9C85-F791E9CEB89E}"
EndProject
Project("{8BC9CEB8-8B4A-11D0-8D11-00A0C91BC942}") = "multiple_system", "multiple_system.vcxproj", "{3376412A-2D82-4872-A269-D30E71EE2343}"
EndProject
Project("{8BC9CEB8-8B4A-11D0-8D11-00A0C91BC942}") = "net_stream", "net_stream.vcxproj", "{350DC851-AEEB-4A5E-B7AC-7020A2D6393B}"
EndProject
Project("{8BC9CEB8-8B4A-11D0-8D11-00A0C91BC942}") = "play_sound", "play_sound.vcxproj", "{19CCC468-20E7-4E59-B2C3-72D4EED7C034}"
EndProject
Project("{8BC9CEB8-8B4A-11D0-8D11-00A0C91BC942}") = "play_stream", "play_stream.vcxproj", "{8F899147-105D-45F9-B65C-EE3FC3BC6A26}"
EndProject
Project("{8BC9CEB8-8B4A-11D0-8D11-00A0C91BC942}") = "record", "record.vcxproj", "{DFCCD418-0F5E-4726-B86E-D0EDE5C17B05}"
EndProject
Project("{8BC9CEB8-8B4A-11D0-8D11-00A0C91BC942}") = "record_enumeration", "record_enumeration.vcxproj", "{AC0E956C-E061-4E1E-A2B8-CDAFF4A97CF0}"
EndProject
Project("{8BC9CEB8-8B4A-11D0-8D11-00A0C91BC942}") = "user_created_sound", "user_created_sound.vcxproj", "{36D7E2E3-C50E-4B67-BAE8-2D04D04CA26F}"
EndProject
Project("{8BC9CEB8-8B4A-11D0-8D11-00A0C91BC942}") = "fmod_codec_raw", "fmod_codec_raw.vcxproj", "{B2E17DD0-BBF1-4194-BAD6-E47185554380}"
EndProject
Project("{8BC9CEB8-8B4A-11D0-8D11-00A0C91BC942}") = "fmod_distance_filter", "fmod_distance_filter.vcxproj", "{50842C92-F38C-4184-B232-A224CFC348B9}"
EndProject
Project("{8BC9CEB8-8B4A-11D0-8D11-00A0C91BC942}") = "fmod_gain", "fmod_gain.vcxproj", "{E828C887-9BA4-463F-8E21-61FCC9B609FA}"
EndProject
Project("{8BC9CEB8-8B4A-11D0-8D11-00A0C91BC942}") = "fmod_noise", "fmod_noise.vcxproj", "{28980D11-7471-422F-AB20-645819B5347E}"
EndProject
Project("{8BC9CEB8-8B4A-11D0-8D11-00A0C91BC942}") = "output_mp3", "output_mp3.vcxproj", "{56027E8E-54EC-43C5-BC8E-0BEFCDCBF490}"
EndProject
Global
	GlobalSection(SolutionConfigurationPlatforms) = preSolution
		Debug|Win32 = Debug|Win32
		Debug|x64 = Debug|x64
		Release|Win32 = Release|Win32
		Release|x64 = Release|x64
	EndGlobalSection
	GlobalSection(ProjectConfigurationPlatforms) = postSolution
		{7072226B-2F75-4B17-8633-DEDD39E4CB5E}.Debug|Win32.ActiveCfg = Debug|Win32
		{7072226B-2F75-4B17-8633-DEDD39E4CB5E}.Debug|Win32.Build.0 = Debug|Win32
		{7072226B-2F75-4B17-8633-DEDD39E4CB5E}.Debug|Win32.Deploy.0 = Debug|Win32
		{7072226B-2F75-4B17-8633-DEDD39E4CB5E}.Debug|x64.ActiveCfg = Debug|x64
		{7072226B-2F75-4B17-8633-DEDD39E4CB5E}.Debug|x64.Build.0 = Debug|x64
		{7072226B-2F75-4B17-8633-DEDD39E4CB5E}.Debug|x64.Deploy.0 = Debug|x64
		{7072226B-2F75-4B17-8633-DEDD39E4CB5E}.Release|Win32.ActiveCfg = Release|Win32
		{7072226B-2F75-4B17-8633-DEDD39E4CB5E}.Release|Win32.Build.0 = Release|Win32
		{7072226B-2F75-4B17-8633-DEDD39E4CB5E}.Release|Win32.Deploy.0 = Release|Win32
		{7072226B-2F75-4B17-8633-DEDD39E4CB5E}.Release|x64.ActiveCfg = Release|x64
		{7072226B-2F75-4B17-8633-DEDD39E4CB5E}.Release|x64.Build.0 = Release|x64
		{7072226B-2F75-4B17-8633-DEDD39E4CB5E}.Release|x64.Deploy.0 = Release|x64
		{73694721-A799-45EF-B553-0BDBB94F65E7}.Debug|Win32.ActiveCfg = Debug|Win32
		{73694721-A799-45EF-B553-0BDBB94F65E7}.Debug|Win32.Build.0 = Debug|Win32
		{73694721-A799-45EF-B553-0BDBB94F65E7}.Debug|Win32.Deploy.0 = Debug|Win32
		{73694721-A799-45EF-B553-0BDBB94F65E7}.Debug|x64.ActiveCfg = Debug|x64
		{73694721-A799-45EF-B553-0BDBB94F65E7}.Debug|x64.Build.0 = Debug|x64
		{73694721-A799-45EF-B553-0BDBB94F65E7}.Debug|x64.Deploy.0 = Debug|x64
		{73694721-A799-45EF-B553-0BDBB94F65E7}.Release|Win32.ActiveCfg = Release|Win32
		{73694721-A799-45EF-B553-0BDBB94F65E7}.Release|Win32.Build.0 = Release|Win32
		{73694721-A799-45EF-B553-0BDBB94F65E7}.Release|Win32.Deploy.0 = Release|Win32
		{73694721-A799-45EF-B553-0BDBB94F65E7}.Release|x64.ActiveCfg = Release|x64
		{73694721-A799-45EF-B553-0BDBB94F65E7}.Release|x64.Build.0 = Release|x64
		{73694721-A799-45EF-B553-0BDBB94F65E7}.Release|x64.Deploy.0 = Release|x64
		{76A30A9D-FB81-453A-9BE4-00D7FEEF2199}.Debug|Win32.ActiveCfg = Debug|Win32
		{76A30A9D-FB81-453A-9BE4-00D7FEEF2199}.Debug|Win32.Build.0 = Debug|Win32
		{76A30A9D-FB81-453A-9BE4-00D7FEEF2199}.Debug|Win32.Deploy.0 = Debug|Win32
		{76A30A9D-FB81-453A-9BE4-00D7FEEF2199}.Debug|x64.ActiveCfg = Debug|x64
		{76A30A9D-FB81-453A-9BE4-00D7FEEF2199}.Debug|x64.Build.0 = Debug|x64
		{76A30A9D-FB81-453A-9BE4-00D7FEEF2199}.Debug|x64.Deploy.0 = Debug|x64
		{76A30A9D-FB81-453A-9BE4-00D7FEEF2199}.Release|Win32.ActiveCfg = Release|Win32
		{76A30A9D-FB81-453A-9BE4-00D7FEEF2199}.Release|Win32.Build.0 = Release|Win32
		{76A30A9D-FB81-453A-9BE4-00D7FEEF2199}.Release|Win32.Deploy.0 = Release|Win32
		{76A30A9D-FB81-453A-9BE4-00D7FEEF2199}.Release|x64.ActiveCfg = Release|x64
		{76A30A9D-FB81-453A-9BE4-00D7FEEF2199}.Release|x64.Build.0 = Release|x64
		{76A30A9D-FB81-453A-9BE4-00D7FEEF2199}.Release|x64.Deploy.0 = Release|x64
		{5F2ACC72-ACC0-4356-B4E9-D948C571C12E}.Debug|Win32.ActiveCfg = Debug|Win32
		{5F2ACC72-ACC0-4356-B4E9-D948C571C12E}.Debug|Win32.Build.0 = Debug|Win32
		{5F2ACC72-ACC0-4356-B4E9-D948C571C12E}.Debug|Win32.Deploy.0 = Debug|Win32
		{5F2ACC72-ACC0-4356-B4E9-D948C571C12E}.Debug|x64.ActiveCfg = Debug|x64
		{5F2ACC72-ACC0-4356-B4E9-D948C571C12E}.Debug|x64.Build.0 = Debug|x64
		{5F2ACC72-ACC0-4356-B4E9-D948C571C12E}.Debug|x64.Deploy.0 = Debug|x64
		{5F2ACC72-ACC0-4356-B4E9-D948C571C12E}.Release|Win32.ActiveCfg = Release|Win32
		{5F2ACC72-ACC0-4356-B4E9-D948C571C12E}.Release|Win32.Build.0 = Release|Win32
		{5F2ACC72-ACC0-4356-B4E9-D948C571C12E}.Release|Win32.Deploy.0 = Release|Win32
		{5F2ACC72-ACC0-4356-B4E9-D948C571C12E}.Release|x64.ActiveCfg = Release|x64
		{5F2ACC72-ACC0-4356-B4E9-D948C571C12E}.Release|x64.Build.0 = Release|x64
		{5F2ACC72-ACC0-4356-B4E9-D948C571C12E}.Release|x64.Deploy.0 = Release|x64
		{EE455112-EB08-4FD3-8790-78001EB79D85}.Debug|Win32.ActiveCfg = Debug|Win32
		{EE455112-EB08-4FD3-8790-78001EB79D85}.Debug|Win32.Build.0 = Debug|Win32
		{EE455112-EB08-4FD3-8790-78001EB79D85}.Debug|Win32.Deploy.0 = Debug|Win32
		{EE455112-EB08-4FD3-8790-78001EB79D85}.Debug|x64.ActiveCfg = Debug|x64
		{EE455112-EB08-4FD3-8790-78001EB79D85}.Debug|x64.Build.0 = Debug|x64
		{EE455112-EB08-4FD3-8790-78001EB79D85}.Debug|x64.Deploy.0 = Debug|x64
		{EE455112-EB08-4FD3-8790-78001EB79D85}.Release|Win32.ActiveCfg = Release|Win32
		{EE455112-EB08-4FD3-8790-78001EB79D85}.Release|Win32.Build.0 = Release|Win32
		{EE455112-EB08-4FD3-8790-78001EB79D85}.Release|Win32.Deploy.0 = Release|Win32
		{EE455112-EB08-4FD3-8790-78001EB79D85}.Release|x64.ActiveCfg = Release|x64
		{EE455112-EB08-4FD3-8790-78001EB79D85}.Release|x64.Build.0 = Release|x64
		{EE455112-EB08-4FD3-8790-78001EB79D85}.Release|x64.Deploy.0 = Release|x64
		{6D4DC41E-966E-4B58-B0F0-3B938018E106}.Debug|Win32.ActiveCfg = Debug|Win32
		{6D4DC41E-966E-4B58-B0F0-3B938018E106}.Debug|Win32.Build.0 = Debug|Win32
		{6D4DC41E-966E-4B58-B0F0-3B938018E106}.Debug|Win32.Deploy.0 = Debug|Win32
		{6D4DC41E-966E-4B58-B0F0-3B938018E106}.Debug|x64.ActiveCfg = Debug|x64
		{6D4DC41E-966E-4B58-B0F0-3B938018E106}.Debug|x64.Build.0 = Debug|x64
		{6D4DC41E-966E-4B58-B0F0-3B938018E106}.Debug|x64.Deploy.0 = Debug|x64
		{6D4DC41E-966E-4B58-B0F0-3B938018E106}.Release|Win32.ActiveCfg = Release|Win32
		{6D4DC41E-966E-4B58-B0F0-3B938018E106}.Release|Win32.Build.0 = Release|Win32
		{6D4DC41E-966E-4B58-B0F0-3B938018E106}.Release|Win32.Deploy.0 = Release|Win32
		{6D4DC41E-966E-4B58-B0F0-3B938018E106}.Release|x64.ActiveCfg = Release|x64
		{6D4DC41E-966E-4B58-B0F0-3B938018E106}.Release|x64.Build.0 = Release|x64
		{6D4DC41E-966E-4B58-B0F0-3B938018E106}.Release|x64.Deploy.0 = Release|x64
		{B84AA578-7636-4784-B81E-96749C20C97E}.Debug|Win32.ActiveCfg = Debug|Win32
		{B84AA578-7636-4784-B81E-96749C20C97E}.Debug|Win32.Build.0 = Debug|Win32
		{B84AA578-7636-4784-B81E-96749C20C97E}.Debug|Win32.Deploy.0 = Debug|Win32
		{B84AA578-7636-4784-B81E-96749C20C97E}.Debug|x64.ActiveCfg = Debug|x64
		{B84AA578-7636-4784-B81E-96749C20C97E}.Debug|x64.Build.0 = Debug|x64
		{B84AA578-7636-4784-B81E-96749C20C97E}.Debug|x64.Deploy.0 = Debug|x64
		{B84AA578-7636-4784-B81E-96749C20C97E}.Release|Win32.ActiveCfg = Release|Win32
		{B84AA578-7636-4784-B81E-96749C20C97E}.Release|Win32.Build.0 = Release|Win32
		{B84AA578-7636-4784-B81E-96749C20C97E}.Release|Win32.Deploy.0 = Release|Win32
		{B84AA578-7636-4784-B81E-96749C20C97E}.Release|x64.ActiveCfg = Release|x64
		{B84AA578-7636-4784-B81E-96749C20C97E}.Release|x64.Build.0 = Release|x64
		{B84AA578-7636-4784-B81E-96749C20C97E}.Release|x64.Deploy.0 = Release|x64
		{66FB1867-D04F-4B48-950C-6D6D7ACCDAA3}.Debug|Win32.ActiveCfg = Debug|Win32
		{66FB1867-D04F-4B48-950C-6D6D7ACCDAA3}.Debug|Win32.Build.0 = Debug|Win32
		{66FB1867-D04F-4B48-950C-6D6D7ACCDAA3}.Debug|Win32.Deploy.0 = Debug|Win32
		{66FB1867-D04F-4B48-950C-6D6D7ACCDAA3}.Debug|x64.ActiveCfg = Debug|x64
		{66FB1867-D04F-4B48-950C-6D6D7ACCDAA3}.Debug|x64.Build.0 = Debug|x64
		{66FB1867-D04F-4B48-950C-6D6D7ACCDAA3}.Debug|x64.Deploy.0 = Debug|x64
		{66FB1867-D04F-4B48-950C-6D6D7ACCDAA3}.Release|Win32.ActiveCfg = Release|Win32
		{66FB1867-D04F-4B48-950C-6D6D7ACCDAA3}.Release|Win32.Build.0 = Release|Win32
		{66FB1867-D04F-4B48-950C-6D6D7ACCDAA3}.Release|Win32.Deploy.0 = Release|Win32
		{66FB1867-D04F-4B48-950C-6D6D7ACCDAA3}.Release|x64.ActiveCfg = Release|x64
		{66FB1867-D04F-4B48-950C-6D6D7ACCDAA3}.Release|x64.Build.0 = Release|x64
		{66FB1867-D04F-4B48-950C-6D6D7ACCDAA3}.Release|x64.Deploy.0 = Release|x64
		{C709D0C9-6FAD-4BCB-A050-6E35461CE7BD}.Debug|Win32.ActiveCfg = Debug|Win32
		{C709D0C9-6FAD-4BCB-A050-6E35461CE7BD}.Debug|Win32.Build.0 = Debug|Win32
		{C709D0C9-6FAD-4BCB-A050-6E35461CE7BD}.Debug|Win32.Deploy.0 = Debug|Win32
		{C709D0C9-6FAD-4BCB-A050-6E35461CE7BD}.Debug|x64.ActiveCfg = Debug|x64
		{C709D0C9-6FAD-4BCB-A050-6E35461CE7BD}.Debug|x64.Build.0 = Debug|x64
		{C709D0C9-6FAD-4BCB-A050-6E35461CE7BD}.Debug|x64.Deploy.0 = Debug|x64
		{C709D0C9-6FAD-4BCB-A050-6E35461CE7BD}.Release|Win32.ActiveCfg = Release|Win32
		{C709D0C9-6FAD-4BCB-A050-6E35461CE7BD}.Release|Win32.Build.0 = Release|Win32
		{C709D0C9-6FAD-4BCB-A050-6E35461CE7BD}.Release|Win32.Deploy.0 = Release|Win32
		{C709D0C9-6FAD-4BCB-A050-6E35461CE7BD}.Release|x64.ActiveCfg = Release|x64
		{C709D0C9-6FAD-4BCB-A050-6E35461CE7BD}.Release|x64.Build.0 = Release|x64
		{C709D0C9-6FAD-4BCB-A050-6E35461CE7BD}.Release|x64.Deploy.0 = Release|x64
		{B4A057E1-329E-4971-A7A6-01A6C66685E7}.Debug|Win32.ActiveCfg = Debug|Win32
		{B4A057E1-329E-4971-A7A6-01A6C66685E7}.Debug|Win32.Build.0 = Debug|Win32
		{B4A057E1-329E-4971-A7A6-01A6C66685E7}.Debug|Win32.Deploy.0 = Debug|Win32
		{B4A057E1-329E-4971-A7A6-01A6C66685E7}.Debug|x64.ActiveCfg = Debug|x64
		{B4A057E1-329E-4971-A7A6-01A6C66685E7}.Debug|x64.Build.0 = Debug|x64
		{B4A057E1-329E-4971-A7A6-01A6C66685E7}.Debug|x64.Deploy.0 = Debug|x64
		{B4A057E1-329E-4971-A7A6-01A6C66685E7}.Release|Win32.ActiveCfg = Release|Win32
		{B4A057E1-329E-4971-A7A6-01A6C66685E7}.Release|Win32.Build.0 = Release|Win32
		{B4A057E1-329E-4971-A7A6-01A6C66685E7}.Release|Win32.Deploy.0 = Release|Win32
		{B4A057E1-329E-4971-A7A6-01A6C66685E7}.Release|x64.ActiveCfg = Release|x64
		{B4A057E1-329E-4971-A7A6-01A6C66685E7}.Release|x64.Build.0 = Release|x64
		{B4A057E1-329E-4971-A7A6-01A6C66685E7}.Release|x64.Deploy.0 = Release|x64
		{6515C513-3BE5-4916-BD79-398F978BAC7A}.Debug|Win32.ActiveCfg = Debug|Win32
		{6515C513-3BE5-4916-BD79-398F978BAC7A}.Debug|Win32.Build.0 = Debug|Win32
		{6515C513-3BE5-4916-BD79-398F978BAC7A}.Debug|Win32.Deploy.0 = Debug|Win32
		{6515C513-3BE5-4916-BD79-398F978BAC7A}.Debug|x64.ActiveCfg = Debug|x64
		{6515C513-3BE5-4916-BD79-398F978BAC7A}.Debug|x64.Build.0 = Debug|x64
		{6515C513-3BE5-4916-BD79-398F978BAC7A}.Debug|x64.Deploy.0 = Debug|x64
		{6515C513-3BE5-4916-BD79-398F978BAC7A}.Release|Win32.ActiveCfg = Release|Win32
		{6515C513-3BE5-4916-BD79-398F978BAC7A}.Release|Win32.Build.0 = Release|Win32
		{6515C513-3BE5-4916-BD79-398F978BAC7A}.Release|Win32.Deploy.0 = Release|Win32
		{6515C513-3BE5-4916-BD79-398F978BAC7A}.Release|x64.ActiveCfg = Release|x64
		{6515C513-3BE5-4916-BD79-398F978BAC7A}.Release|x64.Build.0 = Release|x64
		{6515C513-3BE5-4916-BD79-398F978BAC7A}.Release|x64.Deploy.0 = Release|x64
		{B923441D-C84C-4DDC-A99F-1FDF19F6FA97}.Debug|Win32.ActiveCfg = Debug|Win32
		{B923441D-C84C-4DDC-A99F-1FDF19F6FA97}.Debug|Win32.Build.0 = Debug|Win32
		{B923441D-C84C-4DDC-A99F-1FDF19F6FA97}.Debug|Win32.Deploy.0 = Debug|Win32
		{B923441D-C84C-4DDC-A99F-1FDF19F6FA97}.Debug|x64.ActiveCfg = Debug|x64
		{B923441D-C84C-4DDC-A99F-1FDF19F6FA97}.Debug|x64.Build.0 = Debug|x64
		{B923441D-C84C-4DDC-A99F-1FDF19F6FA97}.Debug|x64.Deploy.0 = Debug|x64
		{B923441D-C84C-4DDC-A99F-1FDF19F6FA97}.Release|Win32.ActiveCfg = Release|Win32
		{B923441D-C84C-4DDC-A99F-1FDF19F6FA97}.Release|Win32.Build.0 = Release|Win32
		{B923441D-C84C-4DDC-A99F-1FDF19F6FA97}.Release|Win32.Deploy.0 = Release|Win32
		{B923441D-C84C-4DDC-A99F-1FDF19F6FA97}.Release|x64.ActiveCfg = Release|x64
		{B923441D-C84C-4DDC-A99F-1FDF19F6FA97}.Release|x64.Build.0 = Release|x64
		{B923441D-C84C-4DDC-A99F-1FDF19F6FA97}.Release|x64.Deploy.0 = Release|x64
		{5F30758B-A022-4476-9C85-F791E9CEB89E}.Debug|Win32.ActiveCfg = Debug|Win32
		{5F30758B-A022-4476-9C85-F791E9CEB89E}.Debug|Win32.Build.0 = Debug|Win32
		{5F30758B-A022-4476-9C85-F791E9CEB89E}.Debug|Win32.Deploy.0 = Debug|Win32
		{5F30758B-A022-4476-9C85-F791E9CEB89E}.Debug|x64.ActiveCfg = Debug|x64
		{5F30758B-A022-4476-9C85-F791E9CEB89E}.Debug|x64.Build.0 = Debug|x64
		{5F30758B-A022-4476-9C85-F791E9CEB89E}.Debug|x64.Deploy.0 = Debug|x64
		{5F30758B-A022-4476-9C85-F791E9CEB89E}.Release|Win32.ActiveCfg = Release|Win32
		{5F30758B-A022-4476-9C85-F791E9CEB89E}.Release|Win32.Build.0 = Release|Win32
		{5F30758B-A022-4476-9C85-F791E9CEB89E}.Release|Win32.Deploy.0 = Release|Win32
		{5F30758B-A022-4476-9C85-F791E9CEB89E}.Release|x64.ActiveCfg = Release|x64
		{5F30758B-A022-4476-9C85-F791E9CEB89E}.Release|x64.Build.0 = Release|x64
		{5F30758B-A022-4476-9C85-F791E9CEB89E}.Release|x64.Deploy.0 = Release|x64
		{3376412A-2D82-4872-A269-D30E71EE2343}.Debug|Win32.ActiveCfg = Debug|Win32
		{3376412A-2D82-4872-A269-D30E71EE2343}.Debug|Win32.Build.0 = Debug|Win32
		{3376412A-2D82-4872-A269-D30E71EE2343}.Debug|Win32.Deploy.0 = Debug|Win32
		{3376412A-2D82-4872-A269-D30E71EE2343}.Debug|x64.ActiveCfg = Debug|x64
		{3376412A-2D82-4872-A269-D30E71EE2343}.Debug|x64.Build.0 = Debug|x64
		{3376412A-2D82-4872-A269-D30E71EE2343}.Debug|x64.Deploy.0 = Debug|x64
		{3376412A-2D82-4872-A269-D30E71EE2343}.Release|Win32.ActiveCfg = Release|Win32
		{3376412A-2D82-4872-A269-D30E71EE2343}.Release|Win32.Build.0 = Release|Win32
		{3376412A-2D82-4872-A269-D30E71EE2343}.Release|Win32.Deploy.0 = Release|Win32
		{3376412A-2D82-4872-A269-D30E71EE2343}.Release|x64.ActiveCfg = Release|x64
		{3376412A-2D82-4872-A269-D30E71EE2343}.Release|x64.Build.0 = Release|x64
		{3376412A-2D82-4872-A269-D30E71EE2343}.Release|x64.Deploy.0 = Release|x64
		{350DC851-AEEB-4A5E-B7AC-7020A2D6393B}.Debug|Win32.ActiveCfg = Debug|Win32
		{350DC851-AEEB-4A5E-B7AC-7020A2D6393B}.Debug|Win32.Build.0 = Debug|Win32
		{350DC851-AEEB-4A5E-B7AC-7020A2D6393B}.Debug|Win32.Deploy.0 = Debug|Win32
		{350DC851-AEEB-4A5E-B7AC-7020A2D6393B}.Debug|x64.ActiveCfg = Debug|x64
		{350DC851-AEEB-4A5E-B7AC-7020A2D6393B}.Debug|x64.Build.0 = Debug|x64
		{350DC851-AEEB-4A5E-B7AC-7020A2D6393B}.Debug|x64.Deploy.0 = Debug|x64
		{350DC851-AEEB-4A5E-B7AC-7020A2D6393B}.Release|Win32.ActiveCfg = Release|Win32
		{350DC851-AEEB-4A5E-B7AC-7020A2D6393B}.Release|Win32.Build.0 = Release|Win32
		{350DC851-AEEB-4A5E-B7AC-7020A2D6393B}.Release|Win32.Deploy.0 = Release|Win32
		{350DC851-AEEB-4A5E-B7AC-7020A2D6393B}.Release|x64.ActiveCfg = Release|x64
		{350DC851-AEEB-4A5E-B7AC-7020A2D6393B}.Release|x64.Build.0 = Release|x64
		{350DC851-AEEB-4A5E-B7AC-7020A2D6393B}.Release|x64.Deploy.0 = Release|x64
		{19CCC468-20E7-4E59-B2C3-72D4EED7C034}.Debug|Win32.ActiveCfg = Debug|Win32
		{19CCC468-20E7-4E59-B2C3-72D4EED7C034}.Debug|Win32.Build.0 = Debug|Win32
		{19CCC468-20E7-4E59-B2C3-72D4EED7C034}.Debug|Win32.Deploy.0 = Debug|Win32
		{19CCC468-20E7-4E59-B2C3-72D4EED7C034}.Debug|x64.ActiveCfg = Debug|x64
		{19CCC468-20E7-4E59-B2C3-72D4EED7C034}.Debug|x64.Build.0 = Debug|x64
		{19CCC468-20E7-4E59-B2C3-72D4EED7C034}.Debug|x64.Deploy.0 = Debug|x64
		{19CCC468-20E7-4E59-B2C3-72D4EED7C034}.Release|Win32.ActiveCfg = Release|Win32
		{19CCC468-20E7-4E59-B2C3-72D4EED7C034}.Release|Win32.Build.0 = Release|Win32
		{19CCC468-20E7-4E59-B2C3-72D4EED7C034}.Release|Win32.Deploy.0 = Release|Win32
		{19CCC468-20E7-4E59-B2C3-72D4EED7C034}.Release|x64.ActiveCfg = Release|x64
		{19CCC468-20E7-4E59-B2C3-72D4EED7C034}.Release|x64.Build.0 = Release|x64
		{19CCC468-20E7-4E59-B2C3-72D4EED7C034}.Release|x64.Deploy.0 = Release|x64
		{8F899147-105D-45F9-B65C-EE3FC3BC6A26}.Debug|Win32.ActiveCfg = Debug|Win32
		{8F899147-105D-45F9-B65C-EE3FC3BC6A26}.Debug|Win32.Build.0 = Debug|Win32
		{8F899147-105D-45F9-B65C-EE3FC3BC6A26}.Debug|Win32.Deploy.0 = Debug|Win32
		{8F899147-105D-45F9-B65C-EE3FC3BC6A26}.Debug|x64.ActiveCfg = Debug|x64
		{8F899147-105D-45F9-B65C-EE3FC3BC6A26}.Debug|x64.Build.0 = Debug|x64
		{8F899147-105D-45F9-B65C-EE3FC3BC6A26}.Debug|x64.Deploy.0 = Debug|x64
		{8F899147-105D-45F9-B65C-EE3FC3BC6A26}.Release|Win32.ActiveCfg = Release|Win32
		{8F899147-105D-45F9-B65C-EE3FC3BC6A26}.Release|Win32.Build.0 = Release|Win32
		{8F899147-105D-45F9-B65C-EE3FC3BC6A26}.Release|Win32.Deploy.0 = Release|Win32
		{8F899147-105D-45F9-B65C-EE3FC3BC6A26}.Release|x64.ActiveCfg = Release|x64
		{8F899147-105D-45F9-B65C-EE3FC3BC6A26}.Release|x64.Build.0 = Release|x64
		{8F899147-105D-45F9-B65C-EE3FC3BC6A26}.Release|x64.Deploy.0 = Release|x64
		{DFCCD418-0F5E-4726-B86E-D0EDE5C17B05}.Debug|Win32.ActiveCfg = Debug|Win32
		{DFCCD418-0F5E-4726-B86E-D0EDE5C17B05}.Debug|Win32.Build.0 = Debug|Win32
		{DFCCD418-0F5E-4726-B86E-D0EDE5C17B05}.Debug|Win32.Deploy.0 = Debug|Win32
		{DFCCD418-0F5E-4726-B86E-D0EDE5C17B05}.Debug|x64.ActiveCfg = Debug|x64
		{DFCCD418-0F5E-4726-B86E-D0EDE5C17B05}.Debug|x64.Build.0 = Debug|x64
		{DFCCD418-0F5E-4726-B86E-D0EDE5C17B05}.Debug|x64.Deploy.0 = Debug|x64
		{DFCCD418-0F5E-4726-B86E-D0EDE5C17B05}.Release|Win32.ActiveCfg = Release|Win32
		{DFCCD418-0F5E-4726-B86E-D0EDE5C17B05}.Release|Win32.Build.0 = Release|Win32
		{DFCCD418-0F5E-4726-B86E-D0EDE5C17B05}.Release|Win32.Deploy.0 = Release|Win32
		{DFCCD418-0F5E-4726-B86E-D0EDE5C17B05}.Release|x64.ActiveCfg = Release|x64
		{DFCCD418-0F5E-4726-B86E-D0EDE5C17B05}.Release|x64.Build.0 = Release|x64
		{DFCCD418-0F5E-4726-B86E-D0EDE5C17B05}.Release|x64.Deploy.0 = Release|x64
		{AC0E956C-E061-4E1E-A2B8-CDAFF4A97CF0}.Debug|Win32.ActiveCfg = Debug|Win32
		{AC0E956C-E061-4E1E-A2B8-CDAFF4A97CF0}.Debug|Win32.Build.0 = Debug|Win32
		{AC0E956C-E061-4E1E-A2B8-CDAFF4A97CF0}.Debug|Win32.Deploy.0 = Debug|Win32
		{AC0E956C-E061-4E1E-A2B8-CDAFF4A97CF0}.Debug|x64.ActiveCfg = Debug|x64
		{AC0E956C-E061-4E1E-A2B8-CDAFF4A97CF0}.Debug|x64.Build.0 = Debug|x64
		{AC0E956C-E061-4E1E-A2B8-CDAFF4A97CF0}.Debug|x64.Deploy.0 = Debug|x64
		{AC0E956C-E061-4E1E-A2B8-CDAFF4A97CF0}.Release|Win32.ActiveCfg = Release|Win32
		{AC0E956C-E061-4E1E-A2B8-CDAFF4A97CF0}.Release|Win32.Build.0 = Release|Win32
		{AC0E956C-E061-4E1E-A2B8-CDAFF4A97CF0}.Release|Win32.Deploy.0 = Release|Win32
		{AC0E956C-E061-4E1E-A2B8-CDAFF4A97CF0}.Release|x64.ActiveCfg = Release|x64
		{AC0E956C-E061-4E1E-A2B8-CDAFF4A97CF0}.Release|x64.Build.0 = Release|x64
		{AC0E956C-E061-4E1E-A2B8-CDAFF4A97CF0}.Release|x64.Deploy.0 = Release|x64
		{36D7E2E3-C50E-4B67-BAE8-2D04D04CA26F}.Debug|Win32.ActiveCfg = Debug|Win32
		{36D7E2E3-C50E-4B67-BAE8-2D04D04CA26F}.Debug|Win32.Build.0 = Debug|Win32
		{36D7E2E3-C50E-4B67-BAE8-2D04D04CA26F}.Debug|Win32.Deploy.0 = Debug|Win32
		{36D7E2E3-C50E-4B67-BAE8-2D04D04CA26F}.Debug|x64.ActiveCfg = Debug|x64
		{36D7E2E3-C50E-4B67-BAE8-2D04D04CA26F}.Debug|x64.Build.0 = Debug|x64
		{36D7E2E3-C50E-4B67-BAE8-2D04D04CA26F}.Debug|x64.Deploy.0 = Debug|x64
		{36D7E2E3-C50E-4B67-BAE8-2D04D04CA26F}.Release|Win32.ActiveCfg = Release|Win32
		{36D7E2E3-C50E-4B67-BAE8-2D04D04CA26F}.Release|Win32.Build.0 = Release|Win32
		{36D7E2E3-C50E-4B67-BAE8-2D04D04CA26F}.Release|Win32.Deploy.0 = Release|Win32
		{36D7E2E3-C50E-4B67-BAE8-2D04D04CA26F}.Release|x64.ActiveCfg = Release|x64
		{36D7E2E3-C50E-4B67-BAE8-2D04D04CA26F}.Release|x64.Build.0 = Release|x64
		{36D7E2E3-C50E-4B67-BAE8-2D04D04CA26F}.Release|x64.Deploy.0 = Release|x64
		{B2E17DD0-BBF1-4194-BAD6-E47185554380}.Debug|Win32.ActiveCfg = Debug|Win32
		{B2E17DD0-BBF1-4194-BAD6-E47185554380}.Debug|Win32.Build.0 = Debug|Win32
		{B2E17DD0-BBF1-4194-BAD6-E47185554380}.Debug|Win32.Deploy.0 = Debug|Win32
		{B2E17DD0-BBF1-4194-BAD6-E47185554380}.Debug|x64.ActiveCfg = Debug|x64
		{B2E17DD0-BBF1-4194-BAD6-E47185554380}.Debug|x64.Build.0 = Debug|x64
		{B2E17DD0-BBF1-4194-BAD6-E47185554380}.Debug|x64.Deploy.0 = Debug|x64
		{B2E17DD0-BBF1-4194-BAD6-E47185554380}.Release|Win32.ActiveCfg = Release|Win32
		{B2E17DD0-BBF1-4194-BAD6-E47185554380}.Release|Win32.Build.0 = Release|Win32
		{B2E17DD0-BBF1-4194-BAD6-E47185554380}.Release|Win32.Deploy.0 = Release|Win32
		{B2E17DD0-BBF1-4194-BAD6-E47185554380}.Release|x64.ActiveCfg = Release|x64
		{B2E17DD0-BBF1-4194-BAD6-E47185554380}.Release|x64.Build.0 = Release|x64
		{B2E17DD0-BBF1-4194-BAD6-E47185554380}.Release|x64.Deploy.0 = Release|x64
		{50842C92-F38C-4184-B232-A224CFC348B9}.Debug|Win32.ActiveCfg = Debug|Win32
		{50842C92-F38C-4184-B232-A224CFC348B9}.Debug|Win32.Build.0 = Debug|Win32
		{50842C92-F38C-4184-B232-A224CFC348B9}.Debug|Win32.Deploy.0 = Debug|Win32
		{50842C92-F38C-4184-B232-A224CFC348B9}.Debug|x64.ActiveCfg = Debug|x64
		{50842C92-F38C-4184-B232-A224CFC348B9}.Debug|x64.Build.0 = Debug|x64
		{50842C92-F38C-4184-B232-A224CFC348B9}.Debug|x64.Deploy.0 = Debug|x64
		{50842C92-F38C-4184-B232-A224CFC348B9}.Release|Win32.ActiveCfg = Release|Win32
		{50842C92-F38C-4184-B232-A224CFC348B9}.Release|Win32.Build.0 = Release|Win32
		{50842C92-F38C-4184-B232-A224CFC348B9}.Release|Win32.Deploy.0 = Release|Win32
		{50842C92-F38C-4184-B232-A224CFC348B9}.Release|x64.ActiveCfg = Release|x64
		{50842C92-F38C-4184-B232-A224CFC348B9}.Release|x64.Build.0 = Release|x64
		{50842C92-F38C-4184-B232-A224CFC348B9}.Release|x64.Deploy.0 = Release|x64
		{E828C887-9BA4-463F-8E21-61FCC9B609FA}.Debug|Win32.ActiveCfg = Debug|Win32
		{E828C887-9BA4-463F-8E21-61FCC9B609FA}.Debug|Win32.Build.0 = Debug|Win32
		{E828C887-9BA4-463F-8E21-61FCC9B609FA}.Debug|Win32.Deploy.0 = Debug|Win32
		{E828C887-9BA4-463F-8E21-61FCC9B609FA}.Debug|x64.ActiveCfg = Debug|x64
		{E828C887-9BA4-463F-8E21-61FCC9B609FA}.Debug|x64.Build.0 = Debug|x64
		{E828C887-9BA4-463F-8E21-61FCC9B609FA}.Debug|x64.Deploy.0 = Debug|x64
		{E828C887-9BA4-463F-8E21-61FCC9B609FA}.Release|Win32.ActiveCfg = Release|Win32
		{E828C887-9BA4-463F-8E21-61FCC9B609FA}.Release|Win32.Build.0 = Release|Win32
		{E828C887-9BA4-463F-8E21-61FCC9B609FA}.Release|Win32.Deploy.0 = Release|Win32
		{E828C887-9BA4-463F-8E21-61FCC9B609FA}.Release|x64.ActiveCfg = Release|x64
		{E828C887-9BA4-463F-8E21-61FCC9B609FA}.Release|x64.Build.0 = Release|x64
		{E828C887-9BA4-463F-8E21-61FCC9B609FA}.Release|x64.Deploy.0 = Release|x64
		{28980D11-7471-422F-AB20-645819B5347E}.Debug|Win32.ActiveCfg = Debug|Win32
		{28980D11-7471-422F-AB20-645819B5347E}.Debug|Win32.Build.0 = Debug|Win32
		{28980D11-7471-422F-AB20-645819B5347E}.Debug|Win32.Deploy.0 = Debug|Win32
		{28980D11-7471-422F-AB20-645819B5347E}.Debug|x64.ActiveCfg = Debug|x64
		{28980D11-7471-422F-AB20-645819B5347E}.Debug|x64.Build.0 = Debug|x64
		{28980D11-7471-422F-AB20-645819B5347E}.Debug|x64.Deploy.0 = Debug|x64
		{28980D11-7471-422F-AB20-645819B5347E}.Release|Win32.ActiveCfg = Release|Win32
		{28980D11-7471-422F-AB20-645819B5347E}.Release|Win32.Build.0 = Release|Win32
		{28980D11-7471-422F-AB20-645819B5347E}.Release|Win32.Deploy.0 = Release|Win32
		{28980D11-7471-422F-AB20-645819B5347E}.Release|x64.ActiveCfg = Release|x64
		{28980D11-7471-422F-AB20-645819B5347E}.Release|x64.Build.0 = Release|x64
		{28980D11-7471-422F-AB20-645819B5347E}.Release|x64.Deploy.0 = Release|x64
		{56027E8E-54EC-43C5-BC8E-0BEFCDCBF490}.Debug|Win32.ActiveCfg = Debug|Win32
		{56027E8E-54EC-43C5-BC8E-0BEFCDCBF490}.Debug|Win32.Build.0 = Debug|Win32
		{56027E8E-54EC-43C5-BC8E-0BEFCDCBF490}.Debug|Win32.Deploy.0 = Debug|Win32
		{56027E8E-54EC-43C5-BC8E-0BEFCDCBF490}.Debug|x64.ActiveCfg = Debug|x64
		{56027E8E-54EC-43C5-BC8E-0BEFCDCBF490}.Debug|x64.Build.0 = Debug|x64
		{56027E8E-54EC-43C5-BC8E-0BEFCDCBF490}.Debug|x64.Deploy.0 = Debug|x64
		{56027E8E-54EC-43C5-BC8E-0BEFCDCBF490}.Release|Win32.ActiveCfg = Release|Win32
		{56027E8E-54EC-43C5-BC8E-0BEFCDCBF490}.Release|Win32.Build.0 = Release|Win32
		{56027E8E-54EC-43C5-BC8E-0BEFCDCBF490}.Release|Win32.Deploy.0 = Release|Win32
		{56027E8E-54EC-43C5-BC8E-0BEFCDCBF490}.Release|x64.ActiveCfg = Release|x64
		{56027E8E-54EC-43C5-BC8E-0BEFCDCBF490}.Release|x64.Build.0 = Release|x64
		{56027E8E-54EC-43C5-BC8E-0BEFCDCBF490}.Release|x64.Deploy.0 = Release|x64
	EndGlobalSection
	GlobalSection(SolutionProperties) = preSolution
		HideSolutionNode = FALSE
	EndGlobalSection
EndGlobal
