
Microsoft Visual Studio Solution File, Format Version 11.00
# Visual Studio Version 16
Project("{8BC9CEB8-8B4A-11D0-8D11-00A0C91BC942}") = "3d", "3d.vcxproj", "{77EC8C7D-6C82-4419-AC79-D0BCDC7C98E0}"
EndProject
Project("{8BC9CEB8-8B4A-11D0-8D11-00A0C91BC942}") = "asyncio", "asyncio.vcxproj", "{91A6E889-80CC-4B97-A83B-589FD7C719CA}"
EndProject
Project("{8BC9CEB8-8B4A-11D0-8D11-00A0C91BC942}") = "channel_groups", "channel_groups.vcxproj", "{6B64E605-FD6E-4D78-9798-429C598FD055}"
EndProject
Project("{8BC9CEB8-8B4A-11D0-8D11-00A0C91BC942}") = "convolution_reverb", "convolution_reverb.vcxproj", "{D48ED737-97B1-4157-89D3-0613C40059A4}"
EndProject
Project("{8BC9CEB8-8B4A-11D0-8D11-00A0C91BC942}") = "dsp_custom", "dsp_custom.vcxproj", "{5C72017E-1548-44C6-A2CE-7A24683863F1}"
EndProject
Project("{8BC9CEB8-8B4A-11D0-8D11-00A0C91BC942}") = "dsp_effect_per_speaker", "dsp_effect_per_speaker.vcxproj", "{DF6537B3-FCD6-4F1D-8075-AB5C4A85C8A7}"
EndProject
Project("{8BC9CEB8-8B4A-11D0-8D11-00A0C91BC942}") = "dsp_inspector", "dsp_inspector.vcxproj", "{AC025EF4-B65F-4310-80D9-0F15F8CE0B72}"
EndProject
Project("{8BC9CEB8-8B4A-11D0-8D11-00A0C91BC942}") = "effects", "effects.vcxproj", "{0246975E-5018-456F-B4E1-CE41C36B297F}"
EndProject
Project("{8BC9CEB8-8B4A-11D0-8D11-00A0C91BC942}") = "gapless_playback", "gapless_playback.vcxproj", "{D212296F-FFB3-4689-823B-1442973B679F}"
EndProject
Project("{8BC9CEB8-8B4A-11D0-8D11-00A0C91BC942}") = "generate_tone", "generate_tone.vcxproj", "{EF7D2753-0F3B-4991-8BF1-41F452D95FB1}"
EndProject
Project("{8BC9CEB8-8B4A-11D0-8D11-00A0C91BC942}") = "granular_synth", "granular_synth.vcxproj", "{4AB4EC79-AB87-462B-A4E1-724F6E40EF4A}"
EndProject
Project("{8BC9CEB8-8B4A-11D0-8D11-00A0C91BC942}") = "load_from_memory", "load_from_memory.vcxproj", "{31CFBB4D-7279-482B-97CE-FBD59702FEF0}"
EndProject
Project("{8BC9CEB8-8B4A-11D0-8D11-00A0C91BC942}") = "multiple_speaker", "multiple_speaker.vcxproj", "{0FDAFE62-43FF-4565-A108-4C1A55BFC74E}"
EndProject
Project("{8BC9CEB8-8B4A-11D0-8D11-00A0C91BC942}") = "multiple_system", "multiple_system.vcxproj", "{9A971856-9BB9-48DA-80F2-15645F9C0013}"
EndProject
Project("{8BC9CEB8-8B4A-11D0-8D11-00A0C91BC942}") = "net_stream", "net_stream.vcxproj", "{FA09FF3C-E474-491D-8CF8-CB692109CFBF}"
EndProject
Project("{8BC9CEB8-8B4A-11D0-8D11-00A0C91BC942}") = "play_sound", "play_sound.vcxproj", "{35147747-D964-4175-A4AF-4DEE5FAA669C}"
EndProject
Project("{8BC9CEB8-8B4A-11D0-8D11-00A0C91BC942}") = "play_stream", "play_stream.vcxproj", "{CE971B60-53BD-4324-A3E6-E6688179576D}"
EndProject
Project("{8BC9CEB8-8B4A-11D0-8D11-00A0C91BC942}") = "record", "record.vcxproj", "{E3FA7FA3-2996-40F5-B151-3486EA7C4614}"
EndProject
Project("{8BC9CEB8-8B4A-11D0-8D11-00A0C91BC942}") = "record_enumeration", "record_enumeration.vcxproj", "{ED736930-BFB2-4C3D-B7E9-7B046CF70691}"
EndProject
Project("{8BC9CEB8-8B4A-11D0-8D11-00A0C91BC942}") = "user_created_sound", "user_created_sound.vcxproj", "{42696896-5556-47B6-A8DA-8DD3B999E3E1}"
EndProject
Project("{8BC9CEB8-8B4A-11D0-8D11-00A0C91BC942}") = "fmod_codec_raw", "fmod_codec_raw.vcxproj", "{482124C6-92B0-4608-A249-CE11823D1574}"
EndProject
Project("{8BC9CEB8-8B4A-11D0-8D11-00A0C91BC942}") = "fmod_distance_filter", "fmod_distance_filter.vcxproj", "{142F40FA-13C3-40DE-A955-0DC727FA8AAF}"
EndProject
Project("{8BC9CEB8-8B4A-11D0-8D11-00A0C91BC942}") = "fmod_gain", "fmod_gain.vcxproj", "{211DB62D-CBAE-40CC-B5A8-94F2F7A6DD87}"
EndProject
Project("{8BC9CEB8-8B4A-11D0-8D11-00A0C91BC942}") = "fmod_noise", "fmod_noise.vcxproj", "{29AFDD30-92D0-406F-80CA-5429428F432C}"
EndProject
Project("{8BC9CEB8-8B4A-11D0-8D11-00A0C91BC942}") = "output_mp3", "output_mp3.vcxproj", "{F9189E06-D43A-49C9-8A71-31D7DCAC89BD}"
EndProject
Global
	GlobalSection(SolutionConfigurationPlatforms) = preSolution
		Debug|Win32 = Debug|Win32
		Debug|x64 = Debug|x64
		Release|Win32 = Release|Win32
		Release|x64 = Release|x64
	EndGlobalSection
	GlobalSection(ProjectConfigurationPlatforms) = postSolution
		{77EC8C7D-6C82-4419-AC79-D0BCDC7C98E0}.Debug|Win32.ActiveCfg = Debug|Win32
		{77EC8C7D-6C82-4419-AC79-D0BCDC7C98E0}.Debug|Win32.Build.0 = Debug|Win32
		{77EC8C7D-6C82-4419-AC79-D0BCDC7C98E0}.Debug|Win32.Deploy.0 = Debug|Win32
		{77EC8C7D-6C82-4419-AC79-D0BCDC7C98E0}.Debug|x64.ActiveCfg = Debug|x64
		{77EC8C7D-6C82-4419-AC79-D0BCDC7C98E0}.Debug|x64.Build.0 = Debug|x64
		{77EC8C7D-6C82-4419-AC79-D0BCDC7C98E0}.Debug|x64.Deploy.0 = Debug|x64
		{77EC8C7D-6C82-4419-AC79-D0BCDC7C98E0}.Release|Win32.ActiveCfg = Release|Win32
		{77EC8C7D-6C82-4419-AC79-D0BCDC7C98E0}.Release|Win32.Build.0 = Release|Win32
		{77EC8C7D-6C82-4419-AC79-D0BCDC7C98E0}.Release|Win32.Deploy.0 = Release|Win32
		{77EC8C7D-6C82-4419-AC79-D0BCDC7C98E0}.Release|x64.ActiveCfg = Release|x64
		{77EC8C7D-6C82-4419-AC79-D0BCDC7C98E0}.Release|x64.Build.0 = Release|x64
		{77EC8C7D-6C82-4419-AC79-D0BCDC7C98E0}.Release|x64.Deploy.0 = Release|x64
		{91A6E889-80CC-4B97-A83B-589FD7C719CA}.Debug|Win32.ActiveCfg = Debug|Win32
		{91A6E889-80CC-4B97-A83B-589FD7C719CA}.Debug|Win32.Build.0 = Debug|Win32
		{91A6E889-80CC-4B97-A83B-589FD7C719CA}.Debug|Win32.Deploy.0 = Debug|Win32
		{91A6E889-80CC-4B97-A83B-589FD7C719CA}.Debug|x64.ActiveCfg = Debug|x64
		{91A6E889-80CC-4B97-A83B-589FD7C719CA}.Debug|x64.Build.0 = Debug|x64
		{91A6E889-80CC-4B97-A83B-589FD7C719CA}.Debug|x64.Deploy.0 = Debug|x64
		{91A6E889-80CC-4B97-A83B-589FD7C719CA}.Release|Win32.ActiveCfg = Release|Win32
		{91A6E889-80CC-4B97-A83B-589FD7C719CA}.Release|Win32.Build.0 = Release|Win32
		{91A6E889-80CC-4B97-A83B-589FD7C719CA}.Release|Win32.Deploy.0 = Release|Win32
		{91A6E889-80CC-4B97-A83B-589FD7C719CA}.Release|x64.ActiveCfg = Release|x64
		{91A6E889-80CC-4B97-A83B-589FD7C719CA}.Release|x64.Build.0 = Release|x64
		{91A6E889-80CC-4B97-A83B-589FD7C719CA}.Release|x64.Deploy.0 = Release|x64
		{6B64E605-FD6E-4D78-9798-429C598FD055}.Debug|Win32.ActiveCfg = Debug|Win32
		{6B64E605-FD6E-4D78-9798-429C598FD055}.Debug|Win32.Build.0 = Debug|Win32
		{6B64E605-FD6E-4D78-9798-429C598FD055}.Debug|Win32.Deploy.0 = Debug|Win32
		{6B64E605-FD6E-4D78-9798-429C598FD055}.Debug|x64.ActiveCfg = Debug|x64
		{6B64E605-FD6E-4D78-9798-429C598FD055}.Debug|x64.Build.0 = Debug|x64
		{6B64E605-FD6E-4D78-9798-429C598FD055}.Debug|x64.Deploy.0 = Debug|x64
		{6B64E605-FD6E-4D78-9798-429C598FD055}.Release|Win32.ActiveCfg = Release|Win32
		{6B64E605-FD6E-4D78-9798-429C598FD055}.Release|Win32.Build.0 = Release|Win32
		{6B64E605-FD6E-4D78-9798-429C598FD055}.Release|Win32.Deploy.0 = Release|Win32
		{6B64E605-FD6E-4D78-9798-429C598FD055}.Release|x64.ActiveCfg = Release|x64
		{6B64E605-FD6E-4D78-9798-429C598FD055}.Release|x64.Build.0 = Release|x64
		{6B64E605-FD6E-4D78-9798-429C598FD055}.Release|x64.Deploy.0 = Release|x64
		{D48ED737-97B1-4157-89D3-0613C40059A4}.Debug|Win32.ActiveCfg = Debug|Win32
		{D48ED737-97B1-4157-89D3-0613C40059A4}.Debug|Win32.Build.0 = Debug|Win32
		{D48ED737-97B1-4157-89D3-0613C40059A4}.Debug|Win32.Deploy.0 = Debug|Win32
		{D48ED737-97B1-4157-89D3-0613C40059A4}.Debug|x64.ActiveCfg = Debug|x64
		{D48ED737-97B1-4157-89D3-0613C40059A4}.Debug|x64.Build.0 = Debug|x64
		{D48ED737-97B1-4157-89D3-0613C40059A4}.Debug|x64.Deploy.0 = Debug|x64
		{D48ED737-97B1-4157-89D3-0613C40059A4}.Release|Win32.ActiveCfg = Release|Win32
		{D48ED737-97B1-4157-89D3-0613C40059A4}.Release|Win32.Build.0 = Release|Win32
		{D48ED737-97B1-4157-89D3-0613C40059A4}.Release|Win32.Deploy.0 = Release|Win32
		{D48ED737-97B1-4157-89D3-0613C40059A4}.Release|x64.ActiveCfg = Release|x64
		{D48ED737-97B1-4157-89D3-0613C40059A4}.Release|x64.Build.0 = Release|x64
		{D48ED737-97B1-4157-89D3-0613C40059A4}.Release|x64.Deploy.0 = Release|x64
		{5C72017E-1548-44C6-A2CE-7A24683863F1}.Debug|Win32.ActiveCfg = Debug|Win32
		{5C72017E-1548-44C6-A2CE-7A24683863F1}.Debug|Win32.Build.0 = Debug|Win32
		{5C72017E-1548-44C6-A2CE-7A24683863F1}.Debug|Win32.Deploy.0 = Debug|Win32
		{5C72017E-1548-44C6-A2CE-7A24683863F1}.Debug|x64.ActiveCfg = Debug|x64
		{5C72017E-1548-44C6-A2CE-7A24683863F1}.Debug|x64.Build.0 = Debug|x64
		{5C72017E-1548-44C6-A2CE-7A24683863F1}.Debug|x64.Deploy.0 = Debug|x64
		{5C72017E-1548-44C6-A2CE-7A24683863F1}.Release|Win32.ActiveCfg = Release|Win32
		{5C72017E-1548-44C6-A2CE-7A24683863F1}.Release|Win32.Build.0 = Release|Win32
		{5C72017E-1548-44C6-A2CE-7A24683863F1}.Release|Win32.Deploy.0 = Release|Win32
		{5C72017E-1548-44C6-A2CE-7A24683863F1}.Release|x64.ActiveCfg = Release|x64
		{5C72017E-1548-44C6-A2CE-7A24683863F1}.Release|x64.Build.0 = Release|x64
		{5C72017E-1548-44C6-A2CE-7A24683863F1}.Release|x64.Deploy.0 = Release|x64
		{DF6537B3-FCD6-4F1D-8075-AB5C4A85C8A7}.Debug|Win32.ActiveCfg = Debug|Win32
		{DF6537B3-FCD6-4F1D-8075-AB5C4A85C8A7}.Debug|Win32.Build.0 = Debug|Win32
		{DF6537B3-FCD6-4F1D-8075-AB5C4A85C8A7}.Debug|Win32.Deploy.0 = Debug|Win32
		{DF6537B3-FCD6-4F1D-8075-AB5C4A85C8A7}.Debug|x64.ActiveCfg = Debug|x64
		{DF6537B3-FCD6-4F1D-8075-AB5C4A85C8A7}.Debug|x64.Build.0 = Debug|x64
		{DF6537B3-FCD6-4F1D-8075-AB5C4A85C8A7}.Debug|x64.Deploy.0 = Debug|x64
		{DF6537B3-FCD6-4F1D-8075-AB5C4A85C8A7}.Release|Win32.ActiveCfg = Release|Win32
		{DF6537B3-FCD6-4F1D-8075-AB5C4A85C8A7}.Release|Win32.Build.0 = Release|Win32
		{DF6537B3-FCD6-4F1D-8075-AB5C4A85C8A7}.Release|Win32.Deploy.0 = Release|Win32
		{DF6537B3-FCD6-4F1D-8075-AB5C4A85C8A7}.Release|x64.ActiveCfg = Release|x64
		{DF6537B3-FCD6-4F1D-8075-AB5C4A85C8A7}.Release|x64.Build.0 = Release|x64
		{DF6537B3-FCD6-4F1D-8075-AB5C4A85C8A7}.Release|x64.Deploy.0 = Release|x64
		{AC025EF4-B65F-4310-80D9-0F15F8CE0B72}.Debug|Win32.ActiveCfg = Debug|Win32
		{AC025EF4-B65F-4310-80D9-0F15F8CE0B72}.Debug|Win32.Build.0 = Debug|Win32
		{AC025EF4-B65F-4310-80D9-0F15F8CE0B72}.Debug|Win32.Deploy.0 = Debug|Win32
		{AC025EF4-B65F-4310-80D9-0F15F8CE0B72}.Debug|x64.ActiveCfg = Debug|x64
		{AC025EF4-B65F-4310-80D9-0F15F8CE0B72}.Debug|x64.Build.0 = Debug|x64
		{AC025EF4-B65F-4310-80D9-0F15F8CE0B72}.Debug|x64.Deploy.0 = Debug|x64
		{AC025EF4-B65F-4310-80D9-0F15F8CE0B72}.Release|Win32.ActiveCfg = Release|Win32
		{AC025EF4-B65F-4310-80D9-0F15F8CE0B72}.Release|Win32.Build.0 = Release|Win32
		{AC025EF4-B65F-4310-80D9-0F15F8CE0B72}.Release|Win32.Deploy.0 = Release|Win32
		{AC025EF4-B65F-4310-80D9-0F15F8CE0B72}.Release|x64.ActiveCfg = Release|x64
		{AC025EF4-B65F-4310-80D9-0F15F8CE0B72}.Release|x64.Build.0 = Release|x64
		{AC025EF4-B65F-4310-80D9-0F15F8CE0B72}.Release|x64.Deploy.0 = Release|x64
		{0246975E-5018-456F-B4E1-CE41C36B297F}.Debug|Win32.ActiveCfg = Debug|Win32
		{0246975E-5018-456F-B4E1-CE41C36B297F}.Debug|Win32.Build.0 = Debug|Win32
		{0246975E-5018-456F-B4E1-CE41C36B297F}.Debug|Win32.Deploy.0 = Debug|Win32
		{0246975E-5018-456F-B4E1-CE41C36B297F}.Debug|x64.ActiveCfg = Debug|x64
		{0246975E-5018-456F-B4E1-CE41C36B297F}.Debug|x64.Build.0 = Debug|x64
		{0246975E-5018-456F-B4E1-CE41C36B297F}.Debug|x64.Deploy.0 = Debug|x64
		{0246975E-5018-456F-B4E1-CE41C36B297F}.Release|Win32.ActiveCfg = Release|Win32
		{0246975E-5018-456F-B4E1-CE41C36B297F}.Release|Win32.Build.0 = Release|Win32
		{0246975E-5018-456F-B4E1-CE41C36B297F}.Release|Win32.Deploy.0 = Release|Win32
		{0246975E-5018-456F-B4E1-CE41C36B297F}.Release|x64.ActiveCfg = Release|x64
		{0246975E-5018-456F-B4E1-CE41C36B297F}.Release|x64.Build.0 = Release|x64
		{0246975E-5018-456F-B4E1-CE41C36B297F}.Release|x64.Deploy.0 = Release|x64
		{D212296F-FFB3-4689-823B-1442973B679F}.Debug|Win32.ActiveCfg = Debug|Win32
		{D212296F-FFB3-4689-823B-1442973B679F}.Debug|Win32.Build.0 = Debug|Win32
		{D212296F-FFB3-4689-823B-1442973B679F}.Debug|Win32.Deploy.0 = Debug|Win32
		{D212296F-FFB3-4689-823B-1442973B679F}.Debug|x64.ActiveCfg = Debug|x64
		{D212296F-FFB3-4689-823B-1442973B679F}.Debug|x64.Build.0 = Debug|x64
		{D212296F-FFB3-4689-823B-1442973B679F}.Debug|x64.Deploy.0 = Debug|x64
		{D212296F-FFB3-4689-823B-1442973B679F}.Release|Win32.ActiveCfg = Release|Win32
		{D212296F-FFB3-4689-823B-1442973B679F}.Release|Win32.Build.0 = Release|Win32
		{D212296F-FFB3-4689-823B-1442973B679F}.Release|Win32.Deploy.0 = Release|Win32
		{D212296F-FFB3-4689-823B-1442973B679F}.Release|x64.ActiveCfg = Release|x64
		{D212296F-FFB3-4689-823B-1442973B679F}.Release|x64.Build.0 = Release|x64
		{D212296F-FFB3-4689-823B-1442973B679F}.Release|x64.Deploy.0 = Release|x64
		{EF7D2753-0F3B-4991-8BF1-41F452D95FB1}.Debug|Win32.ActiveCfg = Debug|Win32
		{EF7D2753-0F3B-4991-8BF1-41F452D95FB1}.Debug|Win32.Build.0 = Debug|Win32
		{EF7D2753-0F3B-4991-8BF1-41F452D95FB1}.Debug|Win32.Deploy.0 = Debug|Win32
		{EF7D2753-0F3B-4991-8BF1-41F452D95FB1}.Debug|x64.ActiveCfg = Debug|x64
		{EF7D2753-0F3B-4991-8BF1-41F452D95FB1}.Debug|x64.Build.0 = Debug|x64
		{EF7D2753-0F3B-4991-8BF1-41F452D95FB1}.Debug|x64.Deploy.0 = Debug|x64
		{EF7D2753-0F3B-4991-8BF1-41F452D95FB1}.Release|Win32.ActiveCfg = Release|Win32
		{EF7D2753-0F3B-4991-8BF1-41F452D95FB1}.Release|Win32.Build.0 = Release|Win32
		{EF7D2753-0F3B-4991-8BF1-41F452D95FB1}.Release|Win32.Deploy.0 = Release|Win32
		{EF7D2753-0F3B-4991-8BF1-41F452D95FB1}.Release|x64.ActiveCfg = Release|x64
		{EF7D2753-0F3B-4991-8BF1-41F452D95FB1}.Release|x64.Build.0 = Release|x64
		{EF7D2753-0F3B-4991-8BF1-41F452D95FB1}.Release|x64.Deploy.0 = Release|x64
		{4AB4EC79-AB87-462B-A4E1-724F6E40EF4A}.Debug|Win32.ActiveCfg = Debug|Win32
		{4AB4EC79-AB87-462B-A4E1-724F6E40EF4A}.Debug|Win32.Build.0 = Debug|Win32
		{4AB4EC79-AB87-462B-A4E1-724F6E40EF4A}.Debug|Win32.Deploy.0 = Debug|Win32
		{4AB4EC79-AB87-462B-A4E1-724F6E40EF4A}.Debug|x64.ActiveCfg = Debug|x64
		{4AB4EC79-AB87-462B-A4E1-724F6E40EF4A}.Debug|x64.Build.0 = Debug|x64
		{4AB4EC79-AB87-462B-A4E1-724F6E40EF4A}.Debug|x64.Deploy.0 = Debug|x64
		{4AB4EC79-AB87-462B-A4E1-724F6E40EF4A}.Release|Win32.ActiveCfg = Release|Win32
		{4AB4EC79-AB87-462B-A4E1-724F6E40EF4A}.Release|Win32.Build.0 = Release|Win32
		{4AB4EC79-AB87-462B-A4E1-724F6E40EF4A}.Release|Win32.Deploy.0 = Release|Win32
		{4AB4EC79-AB87-462B-A4E1-724F6E40EF4A}.Release|x64.ActiveCfg = Release|x64
		{4AB4EC79-AB87-462B-A4E1-724F6E40EF4A}.Release|x64.Build.0 = Release|x64
		{4AB4EC79-AB87-462B-A4E1-724F6E40EF4A}.Release|x64.Deploy.0 = Release|x64
		{31CFBB4D-7279-482B-97CE-FBD59702FEF0}.Debug|Win32.ActiveCfg = Debug|Win32
		{31CFBB4D-7279-482B-97CE-FBD59702FEF0}.Debug|Win32.Build.0 = Debug|Win32
		{31CFBB4D-7279-482B-97CE-FBD59702FEF0}.Debug|Win32.Deploy.0 = Debug|Win32
		{31CFBB4D-7279-482B-97CE-FBD59702FEF0}.Debug|x64.ActiveCfg = Debug|x64
		{31CFBB4D-7279-482B-97CE-FBD59702FEF0}.Debug|x64.Build.0 = Debug|x64
		{31CFBB4D-7279-482B-97CE-FBD59702FEF0}.Debug|x64.Deploy.0 = Debug|x64
		{31CFBB4D-7279-482B-97CE-FBD59702FEF0}.Release|Win32.ActiveCfg = Release|Win32
		{31CFBB4D-7279-482B-97CE-FBD59702FEF0}.Release|Win32.Build.0 = Release|Win32
		{31CFBB4D-7279-482B-97CE-FBD59702FEF0}.Release|Win32.Deploy.0 = Release|Win32
		{31CFBB4D-7279-482B-97CE-FBD59702FEF0}.Release|x64.ActiveCfg = Release|x64
		{31CFBB4D-7279-482B-97CE-FBD59702FEF0}.Release|x64.Build.0 = Release|x64
		{31CFBB4D-7279-482B-97CE-FBD59702FEF0}.Release|x64.Deploy.0 = Release|x64
		{0FDAFE62-43FF-4565-A108-4C1A55BFC74E}.Debug|Win32.ActiveCfg = Debug|Win32
		{0FDAFE62-43FF-4565-A108-4C1A55BFC74E}.Debug|Win32.Build.0 = Debug|Win32
		{0FDAFE62-43FF-4565-A108-4C1A55BFC74E}.Debug|Win32.Deploy.0 = Debug|Win32
		{0FDAFE62-43FF-4565-A108-4C1A55BFC74E}.Debug|x64.ActiveCfg = Debug|x64
		{0FDAFE62-43FF-4565-A108-4C1A55BFC74E}.Debug|x64.Build.0 = Debug|x64
		{0FDAFE62-43FF-4565-A108-4C1A55BFC74E}.Debug|x64.Deploy.0 = Debug|x64
		{0FDAFE62-43FF-4565-A108-4C1A55BFC74E}.Release|Win32.ActiveCfg = Release|Win32
		{0FDAFE62-43FF-4565-A108-4C1A55BFC74E}.Release|Win32.Build.0 = Release|Win32
		{0FDAFE62-43FF-4565-A108-4C1A55BFC74E}.Release|Win32.Deploy.0 = Release|Win32
		{0FDAFE62-43FF-4565-A108-4C1A55BFC74E}.Release|x64.ActiveCfg = Release|x64
		{0FDAFE62-43FF-4565-A108-4C1A55BFC74E}.Release|x64.Build.0 = Release|x64
		{0FDAFE62-43FF-4565-A108-4C1A55BFC74E}.Release|x64.Deploy.0 = Release|x64
		{9A971856-9BB9-48DA-80F2-15645F9C0013}.Debug|Win32.ActiveCfg = Debug|Win32
		{9A971856-9BB9-48DA-80F2-15645F9C0013}.Debug|Win32.Build.0 = Debug|Win32
		{9A971856-9BB9-48DA-80F2-15645F9C0013}.Debug|Win32.Deploy.0 = Debug|Win32
		{9A971856-9BB9-48DA-80F2-15645F9C0013}.Debug|x64.ActiveCfg = Debug|x64
		{9A971856-9BB9-48DA-80F2-15645F9C0013}.Debug|x64.Build.0 = Debug|x64
		{9A971856-9BB9-48DA-80F2-15645F9C0013}.Debug|x64.Deploy.0 = Debug|x64
		{9A971856-9BB9-48DA-80F2-15645F9C0013}.Release|Win32.ActiveCfg = Release|Win32
		{9A971856-9BB9-48DA-80F2-15645F9C0013}.Release|Win32.Build.0 = Release|Win32
		{9A971856-9BB9-48DA-80F2-15645F9C0013}.Release|Win32.Deploy.0 = Release|Win32
		{9A971856-9BB9-48DA-80F2-15645F9C0013}.Release|x64.ActiveCfg = Release|x64
		{9A971856-9BB9-48DA-80F2-15645F9C0013}.Release|x64.Build.0 = Release|x64
		{9A971856-9BB9-48DA-80F2-15645F9C0013}.Release|x64.Deploy.0 = Release|x64
		{FA09FF3C-E474-491D-8CF8-CB692109CFBF}.Debug|Win32.ActiveCfg = Debug|Win32
		{FA09FF3C-E474-491D-8CF8-CB692109CFBF}.Debug|Win32.Build.0 = Debug|Win32
		{FA09FF3C-E474-491D-8CF8-CB692109CFBF}.Debug|Win32.Deploy.0 = Debug|Win32
		{FA09FF3C-E474-491D-8CF8-CB692109CFBF}.Debug|x64.ActiveCfg = Debug|x64
		{FA09FF3C-E474-491D-8CF8-CB692109CFBF}.Debug|x64.Build.0 = Debug|x64
		{FA09FF3C-E474-491D-8CF8-CB692109CFBF}.Debug|x64.Deploy.0 = Debug|x64
		{FA09FF3C-E474-491D-8CF8-CB692109CFBF}.Release|Win32.ActiveCfg = Release|Win32
		{FA09FF3C-E474-491D-8CF8-CB692109CFBF}.Release|Win32.Build.0 = Release|Win32
		{FA09FF3C-E474-491D-8CF8-CB692109CFBF}.Release|Win32.Deploy.0 = Release|Win32
		{FA09FF3C-E474-491D-8CF8-CB692109CFBF}.Release|x64.ActiveCfg = Release|x64
		{FA09FF3C-E474-491D-8CF8-CB692109CFBF}.Release|x64.Build.0 = Release|x64
		{FA09FF3C-E474-491D-8CF8-CB692109CFBF}.Release|x64.Deploy.0 = Release|x64
		{35147747-D964-4175-A4AF-4DEE5FAA669C}.Debug|Win32.ActiveCfg = Debug|Win32
		{35147747-D964-4175-A4AF-4DEE5FAA669C}.Debug|Win32.Build.0 = Debug|Win32
		{35147747-D964-4175-A4AF-4DEE5FAA669C}.Debug|Win32.Deploy.0 = Debug|Win32
		{35147747-D964-4175-A4AF-4DEE5FAA669C}.Debug|x64.ActiveCfg = Debug|x64
		{35147747-D964-4175-A4AF-4DEE5FAA669C}.Debug|x64.Build.0 = Debug|x64
		{35147747-D964-4175-A4AF-4DEE5FAA669C}.Debug|x64.Deploy.0 = Debug|x64
		{35147747-D964-4175-A4AF-4DEE5FAA669C}.Release|Win32.ActiveCfg = Release|Win32
		{35147747-D964-4175-A4AF-4DEE5FAA669C}.Release|Win32.Build.0 = Release|Win32
		{35147747-D964-4175-A4AF-4DEE5FAA669C}.Release|Win32.Deploy.0 = Release|Win32
		{35147747-D964-4175-A4AF-4DEE5FAA669C}.Release|x64.ActiveCfg = Release|x64
		{35147747-D964-4175-A4AF-4DEE5FAA669C}.Release|x64.Build.0 = Release|x64
		{35147747-D964-4175-A4AF-4DEE5FAA669C}.Release|x64.Deploy.0 = Release|x64
		{CE971B60-53BD-4324-A3E6-E6688179576D}.Debug|Win32.ActiveCfg = Debug|Win32
		{CE971B60-53BD-4324-A3E6-E6688179576D}.Debug|Win32.Build.0 = Debug|Win32
		{CE971B60-53BD-4324-A3E6-E6688179576D}.Debug|Win32.Deploy.0 = Debug|Win32
		{CE971B60-53BD-4324-A3E6-E6688179576D}.Debug|x64.ActiveCfg = Debug|x64
		{CE971B60-53BD-4324-A3E6-E6688179576D}.Debug|x64.Build.0 = Debug|x64
		{CE971B60-53BD-4324-A3E6-E6688179576D}.Debug|x64.Deploy.0 = Debug|x64
		{CE971B60-53BD-4324-A3E6-E6688179576D}.Release|Win32.ActiveCfg = Release|Win32
		{CE971B60-53BD-4324-A3E6-E6688179576D}.Release|Win32.Build.0 = Release|Win32
		{CE971B60-53BD-4324-A3E6-E6688179576D}.Release|Win32.Deploy.0 = Release|Win32
		{CE971B60-53BD-4324-A3E6-E6688179576D}.Release|x64.ActiveCfg = Release|x64
		{CE971B60-53BD-4324-A3E6-E6688179576D}.Release|x64.Build.0 = Release|x64
		{CE971B60-53BD-4324-A3E6-E6688179576D}.Release|x64.Deploy.0 = Release|x64
		{E3FA7FA3-2996-40F5-B151-3486EA7C4614}.Debug|Win32.ActiveCfg = Debug|Win32
		{E3FA7FA3-2996-40F5-B151-3486EA7C4614}.Debug|Win32.Build.0 = Debug|Win32
		{E3FA7FA3-2996-40F5-B151-3486EA7C4614}.Debug|Win32.Deploy.0 = Debug|Win32
		{E3FA7FA3-2996-40F5-B151-3486EA7C4614}.Debug|x64.ActiveCfg = Debug|x64
		{E3FA7FA3-2996-40F5-B151-3486EA7C4614}.Debug|x64.Build.0 = Debug|x64
		{E3FA7FA3-2996-40F5-B151-3486EA7C4614}.Debug|x64.Deploy.0 = Debug|x64
		{E3FA7FA3-2996-40F5-B151-3486EA7C4614}.Release|Win32.ActiveCfg = Release|Win32
		{E3FA7FA3-2996-40F5-B151-3486EA7C4614}.Release|Win32.Build.0 = Release|Win32
		{E3FA7FA3-2996-40F5-B151-3486EA7C4614}.Release|Win32.Deploy.0 = Release|Win32
		{E3FA7FA3-2996-40F5-B151-3486EA7C4614}.Release|x64.ActiveCfg = Release|x64
		{E3FA7FA3-2996-40F5-B151-3486EA7C4614}.Release|x64.Build.0 = Release|x64
		{E3FA7FA3-2996-40F5-B151-3486EA7C4614}.Release|x64.Deploy.0 = Release|x64
		{ED736930-BFB2-4C3D-B7E9-7B046CF70691}.Debug|Win32.ActiveCfg = Debug|Win32
		{ED736930-BFB2-4C3D-B7E9-7B046CF70691}.Debug|Win32.Build.0 = Debug|Win32
		{ED736930-BFB2-4C3D-B7E9-7B046CF70691}.Debug|Win32.Deploy.0 = Debug|Win32
		{ED736930-BFB2-4C3D-B7E9-7B046CF70691}.Debug|x64.ActiveCfg = Debug|x64
		{ED736930-BFB2-4C3D-B7E9-7B046CF70691}.Debug|x64.Build.0 = Debug|x64
		{ED736930-BFB2-4C3D-B7E9-7B046CF70691}.Debug|x64.Deploy.0 = Debug|x64
		{ED736930-BFB2-4C3D-B7E9-7B046CF70691}.Release|Win32.ActiveCfg = Release|Win32
		{ED736930-BFB2-4C3D-B7E9-7B046CF70691}.Release|Win32.Build.0 = Release|Win32
		{ED736930-BFB2-4C3D-B7E9-7B046CF70691}.Release|Win32.Deploy.0 = Release|Win32
		{ED736930-BFB2-4C3D-B7E9-7B046CF70691}.Release|x64.ActiveCfg = Release|x64
		{ED736930-BFB2-4C3D-B7E9-7B046CF70691}.Release|x64.Build.0 = Release|x64
		{ED736930-BFB2-4C3D-B7E9-7B046CF70691}.Release|x64.Deploy.0 = Release|x64
		{42696896-5556-47B6-A8DA-8DD3B999E3E1}.Debug|Win32.ActiveCfg = Debug|Win32
		{42696896-5556-47B6-A8DA-8DD3B999E3E1}.Debug|Win32.Build.0 = Debug|Win32
		{42696896-5556-47B6-A8DA-8DD3B999E3E1}.Debug|Win32.Deploy.0 = Debug|Win32
		{42696896-5556-47B6-A8DA-8DD3B999E3E1}.Debug|x64.ActiveCfg = Debug|x64
		{42696896-5556-47B6-A8DA-8DD3B999E3E1}.Debug|x64.Build.0 = Debug|x64
		{42696896-5556-47B6-A8DA-8DD3B999E3E1}.Debug|x64.Deploy.0 = Debug|x64
		{42696896-5556-47B6-A8DA-8DD3B999E3E1}.Release|Win32.ActiveCfg = Release|Win32
		{42696896-5556-47B6-A8DA-8DD3B999E3E1}.Release|Win32.Build.0 = Release|Win32
		{42696896-5556-47B6-A8DA-8DD3B999E3E1}.Release|Win32.Deploy.0 = Release|Win32
		{42696896-5556-47B6-A8DA-8DD3B999E3E1}.Release|x64.ActiveCfg = Release|x64
		{42696896-5556-47B6-A8DA-8DD3B999E3E1}.Release|x64.Build.0 = Release|x64
		{42696896-5556-47B6-A8DA-8DD3B999E3E1}.Release|x64.Deploy.0 = Release|x64
		{482124C6-92B0-4608-A249-CE11823D1574}.Debug|Win32.ActiveCfg = Debug|Win32
		{482124C6-92B0-4608-A249-CE11823D1574}.Debug|Win32.Build.0 = Debug|Win32
		{482124C6-92B0-4608-A249-CE11823D1574}.Debug|Win32.Deploy.0 = Debug|Win32
		{482124C6-92B0-4608-A249-CE11823D1574}.Debug|x64.ActiveCfg = Debug|x64
		{482124C6-92B0-4608-A249-CE11823D1574}.Debug|x64.Build.0 = Debug|x64
		{482124C6-92B0-4608-A249-CE11823D1574}.Debug|x64.Deploy.0 = Debug|x64
		{482124C6-92B0-4608-A249-CE11823D1574}.Release|Win32.ActiveCfg = Release|Win32
		{482124C6-92B0-4608-A249-CE11823D1574}.Release|Win32.Build.0 = Release|Win32
		{482124C6-92B0-4608-A249-CE11823D1574}.Release|Win32.Deploy.0 = Release|Win32
		{482124C6-92B0-4608-A249-CE11823D1574}.Release|x64.ActiveCfg = Release|x64
		{482124C6-92B0-4608-A249-CE11823D1574}.Release|x64.Build.0 = Release|x64
		{482124C6-92B0-4608-A249-CE11823D1574}.Release|x64.Deploy.0 = Release|x64
		{142F40FA-13C3-40DE-A955-0DC727FA8AAF}.Debug|Win32.ActiveCfg = Debug|Win32
		{142F40FA-13C3-40DE-A955-0DC727FA8AAF}.Debug|Win32.Build.0 = Debug|Win32
		{142F40FA-13C3-40DE-A955-0DC727FA8AAF}.Debug|Win32.Deploy.0 = Debug|Win32
		{142F40FA-13C3-40DE-A955-0DC727FA8AAF}.Debug|x64.ActiveCfg = Debug|x64
		{142F40FA-13C3-40DE-A955-0DC727FA8AAF}.Debug|x64.Build.0 = Debug|x64
		{142F40FA-13C3-40DE-A955-0DC727FA8AAF}.Debug|x64.Deploy.0 = Debug|x64
		{142F40FA-13C3-40DE-A955-0DC727FA8AAF}.Release|Win32.ActiveCfg = Release|Win32
		{142F40FA-13C3-40DE-A955-0DC727FA8AAF}.Release|Win32.Build.0 = Release|Win32
		{142F40FA-13C3-40DE-A955-0DC727FA8AAF}.Release|Win32.Deploy.0 = Release|Win32
		{142F40FA-13C3-40DE-A955-0DC727FA8AAF}.Release|x64.ActiveCfg = Release|x64
		{142F40FA-13C3-40DE-A955-0DC727FA8AAF}.Release|x64.Build.0 = Release|x64
		{142F40FA-13C3-40DE-A955-0DC727FA8AAF}.Release|x64.Deploy.0 = Release|x64
		{211DB62D-CBAE-40CC-B5A8-94F2F7A6DD87}.Debug|Win32.ActiveCfg = Debug|Win32
		{211DB62D-CBAE-40CC-B5A8-94F2F7A6DD87}.Debug|Win32.Build.0 = Debug|Win32
		{211DB62D-CBAE-40CC-B5A8-94F2F7A6DD87}.Debug|Win32.Deploy.0 = Debug|Win32
		{211DB62D-CBAE-40CC-B5A8-94F2F7A6DD87}.Debug|x64.ActiveCfg = Debug|x64
		{211DB62D-CBAE-40CC-B5A8-94F2F7A6DD87}.Debug|x64.Build.0 = Debug|x64
		{211DB62D-CBAE-40CC-B5A8-94F2F7A6DD87}.Debug|x64.Deploy.0 = Debug|x64
		{211DB62D-CBAE-40CC-B5A8-94F2F7A6DD87}.Release|Win32.ActiveCfg = Release|Win32
		{211DB62D-CBAE-40CC-B5A8-94F2F7A6DD87}.Release|Win32.Build.0 = Release|Win32
		{211DB62D-CBAE-40CC-B5A8-94F2F7A6DD87}.Release|Win32.Deploy.0 = Release|Win32
		{211DB62D-CBAE-40CC-B5A8-94F2F7A6DD87}.Release|x64.ActiveCfg = Release|x64
		{211DB62D-CBAE-40CC-B5A8-94F2F7A6DD87}.Release|x64.Build.0 = Release|x64
		{211DB62D-CBAE-40CC-B5A8-94F2F7A6DD87}.Release|x64.Deploy.0 = Release|x64
		{29AFDD30-92D0-406F-80CA-5429428F432C}.Debug|Win32.ActiveCfg = Debug|Win32
		{29AFDD30-92D0-406F-80CA-5429428F432C}.Debug|Win32.Build.0 = Debug|Win32
		{29AFDD30-92D0-406F-80CA-5429428F432C}.Debug|Win32.Deploy.0 = Debug|Win32
		{29AFDD30-92D0-406F-80CA-5429428F432C}.Debug|x64.ActiveCfg = Debug|x64
		{29AFDD30-92D0-406F-80CA-5429428F432C}.Debug|x64.Build.0 = Debug|x64
		{29AFDD30-92D0-406F-80CA-5429428F432C}.Debug|x64.Deploy.0 = Debug|x64
		{29AFDD30-92D0-406F-80CA-5429428F432C}.Release|Win32.ActiveCfg = Release|Win32
		{29AFDD30-92D0-406F-80CA-5429428F432C}.Release|Win32.Build.0 = Release|Win32
		{29AFDD30-92D0-406F-80CA-5429428F432C}.Release|Win32.Deploy.0 = Release|Win32
		{29AFDD30-92D0-406F-80CA-5429428F432C}.Release|x64.ActiveCfg = Release|x64
		{29AFDD30-92D0-406F-80CA-5429428F432C}.Release|x64.Build.0 = Release|x64
		{29AFDD30-92D0-406F-80CA-5429428F432C}.Release|x64.Deploy.0 = Release|x64
		{F9189E06-D43A-49C9-8A71-31D7DCAC89BD}.Debug|Win32.ActiveCfg = Debug|Win32
		{F9189E06-D43A-49C9-8A71-31D7DCAC89BD}.Debug|Win32.Build.0 = Debug|Win32
		{F9189E06-D43A-49C9-8A71-31D7DCAC89BD}.Debug|Win32.Deploy.0 = Debug|Win32
		{F9189E06-D43A-49C9-8A71-31D7DCAC89BD}.Debug|x64.ActiveCfg = Debug|x64
		{F9189E06-D43A-49C9-8A71-31D7DCAC89BD}.Debug|x64.Build.0 = Debug|x64
		{F9189E06-D43A-49C9-8A71-31D7DCAC89BD}.Debug|x64.Deploy.0 = Debug|x64
		{F9189E06-D43A-49C9-8A71-31D7DCAC89BD}.Release|Win32.ActiveCfg = Release|Win32
		{F9189E06-D43A-49C9-8A71-31D7DCAC89BD}.Release|Win32.Build.0 = Release|Win32
		{F9189E06-D43A-49C9-8A71-31D7DCAC89BD}.Release|Win32.Deploy.0 = Release|Win32
		{F9189E06-D43A-49C9-8A71-31D7DCAC89BD}.Release|x64.ActiveCfg = Release|x64
		{F9189E06-D43A-49C9-8A71-31D7DCAC89BD}.Release|x64.Build.0 = Release|x64
		{F9189E06-D43A-49C9-8A71-31D7DCAC89BD}.Release|x64.Deploy.0 = Release|x64
	EndGlobalSection
	GlobalSection(SolutionProperties) = preSolution
		HideSolutionNode = FALSE
	EndGlobalSection
EndGlobal
