
Microsoft Visual Studio Solution File, Format Version 11.00
# Visual Studio 2012
Project("{8BC9CEB8-8B4A-11D0-8D11-00A0C91BC942}") = "3d", "3d.vcxproj", "{122F10B1-F65A-41CA-A800-87EA178959CC}"
EndProject
Project("{8BC9CEB8-8B4A-11D0-8D11-00A0C91BC942}") = "3d_multi", "3d_multi.vcxproj", "{5E6E2510-08C9-42DC-9489-537BEB950ADA}"
EndProject
Project("{8BC9CEB8-8B4A-11D0-8D11-00A0C91BC942}") = "event_parameter", "event_parameter.vcxproj", "{9F89672E-5509-449A-90B5-258EC7B34975}"
EndProject
Project("{8BC9CEB8-8B4A-11D0-8D11-00A0C91BC942}") = "load_banks", "load_banks.vcxproj", "{4B8ED843-C12B-4FA9-9EAA-E6C00A61C88A}"
EndProject
Project("{8BC9CEB8-8B4A-11D0-8D11-00A0C91BC942}") = "music_callbacks", "music_callbacks.vcxproj", "{972FCB46-9BFD-4BA9-BA3C-C357D5420EF9}"
EndProject
Project("{8BC9CEB8-8B4A-11D0-8D11-00A0C91BC942}") = "objectpan", "objectpan.vcxproj", "{041719B2-E685-4692-AA7B-DBE2AD1F403E}"
EndProject
Project("{8BC9CEB8-8B4A-11D0-8D11-00A0C91BC942}") = "programmer_sound", "programmer_sound.vcxproj", "{535FC756-2F90-4806-9887-90090BE2885B}"
EndProject
Project("{8BC9CEB8-8B4A-11D0-8D11-00A0C91BC942}") = "recording_playback", "recording_playback.vcxproj", "{C1C7685A-927B-4263-AF0E-EA5DE8888737}"
EndProject
Project("{8BC9CEB8-8B4A-11D0-8D11-00A0C91BC942}") = "simple_event", "simple_event.vcxproj", "{0ACACF45-9A6F-4102-89BB-7F92F805325E}"
EndProject
Global
	GlobalSection(SolutionConfigurationPlatforms) = preSolution
		Debug|Win32 = Debug|Win32
		Debug|x64 = Debug|x64
		Release|Win32 = Release|Win32
		Release|x64 = Release|x64
	EndGlobalSection
	GlobalSection(ProjectConfigurationPlatforms) = postSolution
		{122F10B1-F65A-41CA-A800-87EA178959CC}.Debug|Win32.ActiveCfg = Debug|Win32
		{122F10B1-F65A-41CA-A800-87EA178959CC}.Debug|Win32.Build.0 = Debug|Win32
		{122F10B1-F65A-41CA-A800-87EA178959CC}.Debug|Win32.Deploy.0 = Debug|Win32
		{122F10B1-F65A-41CA-A800-87EA178959CC}.Debug|x64.ActiveCfg = Debug|x64
		{122F10B1-F65A-41CA-A800-87EA178959CC}.Debug|x64.Build.0 = Debug|x64
		{122F10B1-F65A-41CA-A800-87EA178959CC}.Debug|x64.Deploy.0 = Debug|x64
		{122F10B1-F65A-41CA-A800-87EA178959CC}.Release|Win32.ActiveCfg = Release|Win32
		{122F10B1-F65A-41CA-A800-87EA178959CC}.Release|Win32.Build.0 = Release|Win32
		{122F10B1-F65A-41CA-A800-87EA178959CC}.Release|Win32.Deploy.0 = Release|Win32
		{122F10B1-F65A-41CA-A800-87EA178959CC}.Release|x64.ActiveCfg = Release|x64
		{122F10B1-F65A-41CA-A800-87EA178959CC}.Release|x64.Build.0 = Release|x64
		{122F10B1-F65A-41CA-A800-87EA178959CC}.Release|x64.Deploy.0 = Release|x64
		{5E6E2510-08C9-42DC-9489-537BEB950ADA}.Debug|Win32.ActiveCfg = Debug|Win32
		{5E6E2510-08C9-42DC-9489-537BEB950ADA}.Debug|Win32.Build.0 = Debug|Win32
		{5E6E2510-08C9-42DC-9489-537BEB950ADA}.Debug|Win32.Deploy.0 = Debug|Win32
		{5E6E2510-08C9-42DC-9489-537BEB950ADA}.Debug|x64.ActiveCfg = Debug|x64
		{5E6E2510-08C9-42DC-9489-537BEB950ADA}.Debug|x64.Build.0 = Debug|x64
		{5E6E2510-08C9-42DC-9489-537BEB950ADA}.Debug|x64.Deploy.0 = Debug|x64
		{5E6E2510-08C9-42DC-9489-537BEB950ADA}.Release|Win32.ActiveCfg = Release|Win32
		{5E6E2510-08C9-42DC-9489-537BEB950ADA}.Release|Win32.Build.0 = Release|Win32
		{5E6E2510-08C9-42DC-9489-537BEB950ADA}.Release|Win32.Deploy.0 = Release|Win32
		{5E6E2510-08C9-42DC-9489-537BEB950ADA}.Release|x64.ActiveCfg = Release|x64
		{5E6E2510-08C9-42DC-9489-537BEB950ADA}.Release|x64.Build.0 = Release|x64
		{5E6E2510-08C9-42DC-9489-537BEB950ADA}.Release|x64.Deploy.0 = Release|x64
		{9F89672E-5509-449A-90B5-258EC7B34975}.Debug|Win32.ActiveCfg = Debug|Win32
		{9F89672E-5509-449A-90B5-258EC7B34975}.Debug|Win32.Build.0 = Debug|Win32
		{9F89672E-5509-449A-90B5-258EC7B34975}.Debug|Win32.Deploy.0 = Debug|Win32
		{9F89672E-5509-449A-90B5-258EC7B34975}.Debug|x64.ActiveCfg = Debug|x64
		{9F89672E-5509-449A-90B5-258EC7B34975}.Debug|x64.Build.0 = Debug|x64
		{9F89672E-5509-449A-90B5-258EC7B34975}.Debug|x64.Deploy.0 = Debug|x64
		{9F89672E-5509-449A-90B5-258EC7B34975}.Release|Win32.ActiveCfg = Release|Win32
		{9F89672E-5509-449A-90B5-258EC7B34975}.Release|Win32.Build.0 = Release|Win32
		{9F89672E-5509-449A-90B5-258EC7B34975}.Release|Win32.Deploy.0 = Release|Win32
		{9F89672E-5509-449A-90B5-258EC7B34975}.Release|x64.ActiveCfg = Release|x64
		{9F89672E-5509-449A-90B5-258EC7B34975}.Release|x64.Build.0 = Release|x64
		{9F89672E-5509-449A-90B5-258EC7B34975}.Release|x64.Deploy.0 = Release|x64
		{4B8ED843-C12B-4FA9-9EAA-E6C00A61C88A}.Debug|Win32.ActiveCfg = Debug|Win32
		{4B8ED843-C12B-4FA9-9EAA-E6C00A61C88A}.Debug|Win32.Build.0 = Debug|Win32
		{4B8ED843-C12B-4FA9-9EAA-E6C00A61C88A}.Debug|Win32.Deploy.0 = Debug|Win32
		{4B8ED843-C12B-4FA9-9EAA-E6C00A61C88A}.Debug|x64.ActiveCfg = Debug|x64
		{4B8ED843-C12B-4FA9-9EAA-E6C00A61C88A}.Debug|x64.Build.0 = Debug|x64
		{4B8ED843-C12B-4FA9-9EAA-E6C00A61C88A}.Debug|x64.Deploy.0 = Debug|x64
		{4B8ED843-C12B-4FA9-9EAA-E6C00A61C88A}.Release|Win32.ActiveCfg = Release|Win32
		{4B8ED843-C12B-4FA9-9EAA-E6C00A61C88A}.Release|Win32.Build.0 = Release|Win32
		{4B8ED843-C12B-4FA9-9EAA-E6C00A61C88A}.Release|Win32.Deploy.0 = Release|Win32
		{4B8ED843-C12B-4FA9-9EAA-E6C00A61C88A}.Release|x64.ActiveCfg = Release|x64
		{4B8ED843-C12B-4FA9-9EAA-E6C00A61C88A}.Release|x64.Build.0 = Release|x64
		{4B8ED843-C12B-4FA9-9EAA-E6C00A61C88A}.Release|x64.Deploy.0 = Release|x64
		{972FCB46-9BFD-4BA9-BA3C-C357D5420EF9}.Debug|Win32.ActiveCfg = Debug|Win32
		{972FCB46-9BFD-4BA9-BA3C-C357D5420EF9}.Debug|Win32.Build.0 = Debug|Win32
		{972FCB46-9BFD-4BA9-BA3C-C357D5420EF9}.Debug|Win32.Deploy.0 = Debug|Win32
		{972FCB46-9BFD-4BA9-BA3C-C357D5420EF9}.Debug|x64.ActiveCfg = Debug|x64
		{972FCB46-9BFD-4BA9-BA3C-C357D5420EF9}.Debug|x64.Build.0 = Debug|x64
		{972FCB46-9BFD-4BA9-BA3C-C357D5420EF9}.Debug|x64.Deploy.0 = Debug|x64
		{972FCB46-9BFD-4BA9-BA3C-C357D5420EF9}.Release|Win32.ActiveCfg = Release|Win32
		{972FCB46-9BFD-4BA9-BA3C-C357D5420EF9}.Release|Win32.Build.0 = Release|Win32
		{972FCB46-9BFD-4BA9-BA3C-C357D5420EF9}.Release|Win32.Deploy.0 = Release|Win32
		{972FCB46-9BFD-4BA9-BA3C-C357D5420EF9}.Release|x64.ActiveCfg = Release|x64
		{972FCB46-9BFD-4BA9-BA3C-C357D5420EF9}.Release|x64.Build.0 = Release|x64
		{972FCB46-9BFD-4BA9-BA3C-C357D5420EF9}.Release|x64.Deploy.0 = Release|x64
		{041719B2-E685-4692-AA7B-DBE2AD1F403E}.Debug|Win32.ActiveCfg = Debug|Win32
		{041719B2-E685-4692-AA7B-DBE2AD1F403E}.Debug|Win32.Build.0 = Debug|Win32
		{041719B2-E685-4692-AA7B-DBE2AD1F403E}.Debug|Win32.Deploy.0 = Debug|Win32
		{041719B2-E685-4692-AA7B-DBE2AD1F403E}.Debug|x64.ActiveCfg = Debug|x64
		{041719B2-E685-4692-AA7B-DBE2AD1F403E}.Debug|x64.Build.0 = Debug|x64
		{041719B2-E685-4692-AA7B-DBE2AD1F403E}.Debug|x64.Deploy.0 = Debug|x64
		{041719B2-E685-4692-AA7B-DBE2AD1F403E}.Release|Win32.ActiveCfg = Release|Win32
		{041719B2-E685-4692-AA7B-DBE2AD1F403E}.Release|Win32.Build.0 = Release|Win32
		{041719B2-E685-4692-AA7B-DBE2AD1F403E}.Release|Win32.Deploy.0 = Release|Win32
		{041719B2-E685-4692-AA7B-DBE2AD1F403E}.Release|x64.ActiveCfg = Release|x64
		{041719B2-E685-4692-AA7B-DBE2AD1F403E}.Release|x64.Build.0 = Release|x64
		{041719B2-E685-4692-AA7B-DBE2AD1F403E}.Release|x64.Deploy.0 = Release|x64
		{535FC756-2F90-4806-9887-90090BE2885B}.Debug|Win32.ActiveCfg = Debug|Win32
		{535FC756-2F90-4806-9887-90090BE2885B}.Debug|Win32.Build.0 = Debug|Win32
		{535FC756-2F90-4806-9887-90090BE2885B}.Debug|Win32.Deploy.0 = Debug|Win32
		{535FC756-2F90-4806-9887-90090BE2885B}.Debug|x64.ActiveCfg = Debug|x64
		{535FC756-2F90-4806-9887-90090BE2885B}.Debug|x64.Build.0 = Debug|x64
		{535FC756-2F90-4806-9887-90090BE2885B}.Debug|x64.Deploy.0 = Debug|x64
		{535FC756-2F90-4806-9887-90090BE2885B}.Release|Win32.ActiveCfg = Release|Win32
		{535FC756-2F90-4806-9887-90090BE2885B}.Release|Win32.Build.0 = Release|Win32
		{535FC756-2F90-4806-9887-90090BE2885B}.Release|Win32.Deploy.0 = Release|Win32
		{535FC756-2F90-4806-9887-90090BE2885B}.Release|x64.ActiveCfg = Release|x64
		{535FC756-2F90-4806-9887-90090BE2885B}.Release|x64.Build.0 = Release|x64
		{535FC756-2F90-4806-9887-90090BE2885B}.Release|x64.Deploy.0 = Release|x64
		{C1C7685A-927B-4263-AF0E-EA5DE8888737}.Debug|Win32.ActiveCfg = Debug|Win32
		{C1C7685A-927B-4263-AF0E-EA5DE8888737}.Debug|Win32.Build.0 = Debug|Win32
		{C1C7685A-927B-4263-AF0E-EA5DE8888737}.Debug|Win32.Deploy.0 = Debug|Win32
		{C1C7685A-927B-4263-AF0E-EA5DE8888737}.Debug|x64.ActiveCfg = Debug|x64
		{C1C7685A-927B-4263-AF0E-EA5DE8888737}.Debug|x64.Build.0 = Debug|x64
		{C1C7685A-927B-4263-AF0E-EA5DE8888737}.Debug|x64.Deploy.0 = Debug|x64
		{C1C7685A-927B-4263-AF0E-EA5DE8888737}.Release|Win32.ActiveCfg = Release|Win32
		{C1C7685A-927B-4263-AF0E-EA5DE8888737}.Release|Win32.Build.0 = Release|Win32
		{C1C7685A-927B-4263-AF0E-EA5DE8888737}.Release|Win32.Deploy.0 = Release|Win32
		{C1C7685A-927B-4263-AF0E-EA5DE8888737}.Release|x64.ActiveCfg = Release|x64
		{C1C7685A-927B-4263-AF0E-EA5DE8888737}.Release|x64.Build.0 = Release|x64
		{C1C7685A-927B-4263-AF0E-EA5DE8888737}.Release|x64.Deploy.0 = Release|x64
		{0ACACF45-9A6F-4102-89BB-7F92F805325E}.Debug|Win32.ActiveCfg = Debug|Win32
		{0ACACF45-9A6F-4102-89BB-7F92F805325E}.Debug|Win32.Build.0 = Debug|Win32
		{0ACACF45-9A6F-4102-89BB-7F92F805325E}.Debug|Win32.Deploy.0 = Debug|Win32
		{0ACACF45-9A6F-4102-89BB-7F92F805325E}.Debug|x64.ActiveCfg = Debug|x64
		{0ACACF45-9A6F-4102-89BB-7F92F805325E}.Debug|x64.Build.0 = Debug|x64
		{0ACACF45-9A6F-4102-89BB-7F92F805325E}.Debug|x64.Deploy.0 = Debug|x64
		{0ACACF45-9A6F-4102-89BB-7F92F805325E}.Release|Win32.ActiveCfg = Release|Win32
		{0ACACF45-9A6F-4102-89BB-7F92F805325E}.Release|Win32.Build.0 = Release|Win32
		{0ACACF45-9A6F-4102-89BB-7F92F805325E}.Release|Win32.Deploy.0 = Release|Win32
		{0ACACF45-9A6F-4102-89BB-7F92F805325E}.Release|x64.ActiveCfg = Release|x64
		{0ACACF45-9A6F-4102-89BB-7F92F805325E}.Release|x64.Build.0 = Release|x64
		{0ACACF45-9A6F-4102-89BB-7F92F805325E}.Release|x64.Deploy.0 = Release|x64
	EndGlobalSection
	GlobalSection(SolutionProperties) = preSolution
		HideSolutionNode = FALSE
	EndGlobalSection
EndGlobal
