
Microsoft Visual Studio Solution File, Format Version 11.00
# Visual Studio 2010
Project("{8BC9CEB8-8B4A-11D0-8D11-00A0C91BC942}") = "3d", "3d.vcxproj", "{A67DDBBE-5B68-435B-8FD6-ECFA2F368247}"
EndProject
Project("{8BC9CEB8-8B4A-11D0-8D11-00A0C91BC942}") = "3d_multi", "3d_multi.vcxproj", "{933C2405-A834-41D6-A0DD-3E5CAE62A28A}"
EndProject
Project("{8BC9CEB8-8B4A-11D0-8D11-00A0C91BC942}") = "event_parameter", "event_parameter.vcxproj", "{D3F7EB9E-C537-4161-89B9-3FFCED6FE7B4}"
EndProject
Project("{8BC9CEB8-8B4A-11D0-8D11-00A0C91BC942}") = "load_banks", "load_banks.vcxproj", "{4B85DF9E-73C8-42FE-8571-92F605CA5AC3}"
EndProject
Project("{8BC9CEB8-8B4A-11D0-8D11-00A0C91BC942}") = "music_callbacks", "music_callbacks.vcxproj", "{EBFC5333-BFDA-4B48-A14C-C3D96CF7D339}"
EndProject
Project("{8BC9CEB8-8B4A-11D0-8D11-00A0C91BC942}") = "objectpan", "objectpan.vcxproj", "{83B848CA-E45E-4054-88EC-35F0E57BCDDE}"
EndProject
Project("{8BC9CEB8-8B4A-11D0-8D11-00A0C91BC942}") = "programmer_sound", "programmer_sound.vcxproj", "{71C47164-D562-4A7F-A786-D344512F73F6}"
EndProject
Project("{8BC9CEB8-8B4A-11D0-8D11-00A0C91BC942}") = "recording_playback", "recording_playback.vcxproj", "{2210DBE3-664B-421B-A30C-BBE1B4670714}"
EndProject
Project("{8BC9CEB8-8B4A-11D0-8D11-00A0C91BC942}") = "simple_event", "simple_event.vcxproj", "{DBF8A862-DBA9-45D3-A5F2-80F1A15CF4C1}"
EndProject
Global
	GlobalSection(SolutionConfigurationPlatforms) = preSolution
		Debug|Win32 = Debug|Win32
		Debug|x64 = Debug|x64
		Release|Win32 = Release|Win32
		Release|x64 = Release|x64
	EndGlobalSection
	GlobalSection(ProjectConfigurationPlatforms) = postSolution
		{A67DDBBE-5B68-435B-8FD6-ECFA2F368247}.Debug|Win32.ActiveCfg = Debug|Win32
		{A67DDBBE-5B68-435B-8FD6-ECFA2F368247}.Debug|Win32.Build.0 = Debug|Win32
		{A67DDBBE-5B68-435B-8FD6-ECFA2F368247}.Debug|Win32.Deploy.0 = Debug|Win32
		{A67DDBBE-5B68-435B-8FD6-ECFA2F368247}.Debug|x64.ActiveCfg = Debug|x64
		{A67DDBBE-5B68-435B-8FD6-ECFA2F368247}.Debug|x64.Build.0 = Debug|x64
		{A67DDBBE-5B68-435B-8FD6-ECFA2F368247}.Debug|x64.Deploy.0 = Debug|x64
		{A67DDBBE-5B68-435B-8FD6-ECFA2F368247}.Release|Win32.ActiveCfg = Release|Win32
		{A67DDBBE-5B68-435B-8FD6-ECFA2F368247}.Release|Win32.Build.0 = Release|Win32
		{A67DDBBE-5B68-435B-8FD6-ECFA2F368247}.Release|Win32.Deploy.0 = Release|Win32
		{A67DDBBE-5B68-435B-8FD6-ECFA2F368247}.Release|x64.ActiveCfg = Release|x64
		{A67DDBBE-5B68-435B-8FD6-ECFA2F368247}.Release|x64.Build.0 = Release|x64
		{A67DDBBE-5B68-435B-8FD6-ECFA2F368247}.Release|x64.Deploy.0 = Release|x64
		{933C2405-A834-41D6-A0DD-3E5CAE62A28A}.Debug|Win32.ActiveCfg = Debug|Win32
		{933C2405-A834-41D6-A0DD-3E5CAE62A28A}.Debug|Win32.Build.0 = Debug|Win32
		{933C2405-A834-41D6-A0DD-3E5CAE62A28A}.Debug|Win32.Deploy.0 = Debug|Win32
		{933C2405-A834-41D6-A0DD-3E5CAE62A28A}.Debug|x64.ActiveCfg = Debug|x64
		{933C2405-A834-41D6-A0DD-3E5CAE62A28A}.Debug|x64.Build.0 = Debug|x64
		{933C2405-A834-41D6-A0DD-3E5CAE62A28A}.Debug|x64.Deploy.0 = Debug|x64
		{933C2405-A834-41D6-A0DD-3E5CAE62A28A}.Release|Win32.ActiveCfg = Release|Win32
		{933C2405-A834-41D6-A0DD-3E5CAE62A28A}.Release|Win32.Build.0 = Release|Win32
		{933C2405-A834-41D6-A0DD-3E5CAE62A28A}.Release|Win32.Deploy.0 = Release|Win32
		{933C2405-A834-41D6-A0DD-3E5CAE62A28A}.Release|x64.ActiveCfg = Release|x64
		{933C2405-A834-41D6-A0DD-3E5CAE62A28A}.Release|x64.Build.0 = Release|x64
		{933C2405-A834-41D6-A0DD-3E5CAE62A28A}.Release|x64.Deploy.0 = Release|x64
		{D3F7EB9E-C537-4161-89B9-3FFCED6FE7B4}.Debug|Win32.ActiveCfg = Debug|Win32
		{D3F7EB9E-C537-4161-89B9-3FFCED6FE7B4}.Debug|Win32.Build.0 = Debug|Win32
		{D3F7EB9E-C537-4161-89B9-3FFCED6FE7B4}.Debug|Win32.Deploy.0 = Debug|Win32
		{D3F7EB9E-C537-4161-89B9-3FFCED6FE7B4}.Debug|x64.ActiveCfg = Debug|x64
		{D3F7EB9E-C537-4161-89B9-3FFCED6FE7B4}.Debug|x64.Build.0 = Debug|x64
		{D3F7EB9E-C537-4161-89B9-3FFCED6FE7B4}.Debug|x64.Deploy.0 = Debug|x64
		{D3F7EB9E-C537-4161-89B9-3FFCED6FE7B4}.Release|Win32.ActiveCfg = Release|Win32
		{D3F7EB9E-C537-4161-89B9-3FFCED6FE7B4}.Release|Win32.Build.0 = Release|Win32
		{D3F7EB9E-C537-4161-89B9-3FFCED6FE7B4}.Release|Win32.Deploy.0 = Release|Win32
		{D3F7EB9E-C537-4161-89B9-3FFCED6FE7B4}.Release|x64.ActiveCfg = Release|x64
		{D3F7EB9E-C537-4161-89B9-3FFCED6FE7B4}.Release|x64.Build.0 = Release|x64
		{D3F7EB9E-C537-4161-89B9-3FFCED6FE7B4}.Release|x64.Deploy.0 = Release|x64
		{4B85DF9E-73C8-42FE-8571-92F605CA5AC3}.Debug|Win32.ActiveCfg = Debug|Win32
		{4B85DF9E-73C8-42FE-8571-92F605CA5AC3}.Debug|Win32.Build.0 = Debug|Win32
		{4B85DF9E-73C8-42FE-8571-92F605CA5AC3}.Debug|Win32.Deploy.0 = Debug|Win32
		{4B85DF9E-73C8-42FE-8571-92F605CA5AC3}.Debug|x64.ActiveCfg = Debug|x64
		{4B85DF9E-73C8-42FE-8571-92F605CA5AC3}.Debug|x64.Build.0 = Debug|x64
		{4B85DF9E-73C8-42FE-8571-92F605CA5AC3}.Debug|x64.Deploy.0 = Debug|x64
		{4B85DF9E-73C8-42FE-8571-92F605CA5AC3}.Release|Win32.ActiveCfg = Release|Win32
		{4B85DF9E-73C8-42FE-8571-92F605CA5AC3}.Release|Win32.Build.0 = Release|Win32
		{4B85DF9E-73C8-42FE-8571-92F605CA5AC3}.Release|Win32.Deploy.0 = Release|Win32
		{4B85DF9E-73C8-42FE-8571-92F605CA5AC3}.Release|x64.ActiveCfg = Release|x64
		{4B85DF9E-73C8-42FE-8571-92F605CA5AC3}.Release|x64.Build.0 = Release|x64
		{4B85DF9E-73C8-42FE-8571-92F605CA5AC3}.Release|x64.Deploy.0 = Release|x64
		{EBFC5333-BFDA-4B48-A14C-C3D96CF7D339}.Debug|Win32.ActiveCfg = Debug|Win32
		{EBFC5333-BFDA-4B48-A14C-C3D96CF7D339}.Debug|Win32.Build.0 = Debug|Win32
		{EBFC5333-BFDA-4B48-A14C-C3D96CF7D339}.Debug|Win32.Deploy.0 = Debug|Win32
		{EBFC5333-BFDA-4B48-A14C-C3D96CF7D339}.Debug|x64.ActiveCfg = Debug|x64
		{EBFC5333-BFDA-4B48-A14C-C3D96CF7D339}.Debug|x64.Build.0 = Debug|x64
		{EBFC5333-BFDA-4B48-A14C-C3D96CF7D339}.Debug|x64.Deploy.0 = Debug|x64
		{EBFC5333-BFDA-4B48-A14C-C3D96CF7D339}.Release|Win32.ActiveCfg = Release|Win32
		{EBFC5333-BFDA-4B48-A14C-C3D96CF7D339}.Release|Win32.Build.0 = Release|Win32
		{EBFC5333-BFDA-4B48-A14C-C3D96CF7D339}.Release|Win32.Deploy.0 = Release|Win32
		{EBFC5333-BFDA-4B48-A14C-C3D96CF7D339}.Release|x64.ActiveCfg = Release|x64
		{EBFC5333-BFDA-4B48-A14C-C3D96CF7D339}.Release|x64.Build.0 = Release|x64
		{EBFC5333-BFDA-4B48-A14C-C3D96CF7D339}.Release|x64.Deploy.0 = Release|x64
		{83B848CA-E45E-4054-88EC-35F0E57BCDDE}.Debug|Win32.ActiveCfg = Debug|Win32
		{83B848CA-E45E-4054-88EC-35F0E57BCDDE}.Debug|Win32.Build.0 = Debug|Win32
		{83B848CA-E45E-4054-88EC-35F0E57BCDDE}.Debug|Win32.Deploy.0 = Debug|Win32
		{83B848CA-E45E-4054-88EC-35F0E57BCDDE}.Debug|x64.ActiveCfg = Debug|x64
		{83B848CA-E45E-4054-88EC-35F0E57BCDDE}.Debug|x64.Build.0 = Debug|x64
		{83B848CA-E45E-4054-88EC-35F0E57BCDDE}.Debug|x64.Deploy.0 = Debug|x64
		{83B848CA-E45E-4054-88EC-35F0E57BCDDE}.Release|Win32.ActiveCfg = Release|Win32
		{83B848CA-E45E-4054-88EC-35F0E57BCDDE}.Release|Win32.Build.0 = Release|Win32
		{83B848CA-E45E-4054-88EC-35F0E57BCDDE}.Release|Win32.Deploy.0 = Release|Win32
		{83B848CA-E45E-4054-88EC-35F0E57BCDDE}.Release|x64.ActiveCfg = Release|x64
		{83B848CA-E45E-4054-88EC-35F0E57BCDDE}.Release|x64.Build.0 = Release|x64
		{83B848CA-E45E-4054-88EC-35F0E57BCDDE}.Release|x64.Deploy.0 = Release|x64
		{71C47164-D562-4A7F-A786-D344512F73F6}.Debug|Win32.ActiveCfg = Debug|Win32
		{71C47164-D562-4A7F-A786-D344512F73F6}.Debug|Win32.Build.0 = Debug|Win32
		{71C47164-D562-4A7F-A786-D344512F73F6}.Debug|Win32.Deploy.0 = Debug|Win32
		{71C47164-D562-4A7F-A786-D344512F73F6}.Debug|x64.ActiveCfg = Debug|x64
		{71C47164-D562-4A7F-A786-D344512F73F6}.Debug|x64.Build.0 = Debug|x64
		{71C47164-D562-4A7F-A786-D344512F73F6}.Debug|x64.Deploy.0 = Debug|x64
		{71C47164-D562-4A7F-A786-D344512F73F6}.Release|Win32.ActiveCfg = Release|Win32
		{71C47164-D562-4A7F-A786-D344512F73F6}.Release|Win32.Build.0 = Release|Win32
		{71C47164-D562-4A7F-A786-D344512F73F6}.Release|Win32.Deploy.0 = Release|Win32
		{71C47164-D562-4A7F-A786-D344512F73F6}.Release|x64.ActiveCfg = Release|x64
		{71C47164-D562-4A7F-A786-D344512F73F6}.Release|x64.Build.0 = Release|x64
		{71C47164-D562-4A7F-A786-D344512F73F6}.Release|x64.Deploy.0 = Release|x64
		{2210DBE3-664B-421B-A30C-BBE1B4670714}.Debug|Win32.ActiveCfg = Debug|Win32
		{2210DBE3-664B-421B-A30C-BBE1B4670714}.Debug|Win32.Build.0 = Debug|Win32
		{2210DBE3-664B-421B-A30C-BBE1B4670714}.Debug|Win32.Deploy.0 = Debug|Win32
		{2210DBE3-664B-421B-A30C-BBE1B4670714}.Debug|x64.ActiveCfg = Debug|x64
		{2210DBE3-664B-421B-A30C-BBE1B4670714}.Debug|x64.Build.0 = Debug|x64
		{2210DBE3-664B-421B-A30C-BBE1B4670714}.Debug|x64.Deploy.0 = Debug|x64
		{2210DBE3-664B-421B-A30C-BBE1B4670714}.Release|Win32.ActiveCfg = Release|Win32
		{2210DBE3-664B-421B-A30C-BBE1B4670714}.Release|Win32.Build.0 = Release|Win32
		{2210DBE3-664B-421B-A30C-BBE1B4670714}.Release|Win32.Deploy.0 = Release|Win32
		{2210DBE3-664B-421B-A30C-BBE1B4670714}.Release|x64.ActiveCfg = Release|x64
		{2210DBE3-664B-421B-A30C-BBE1B4670714}.Release|x64.Build.0 = Release|x64
		{2210DBE3-664B-421B-A30C-BBE1B4670714}.Release|x64.Deploy.0 = Release|x64
		{DBF8A862-DBA9-45D3-A5F2-80F1A15CF4C1}.Debug|Win32.ActiveCfg = Debug|Win32
		{DBF8A862-DBA9-45D3-A5F2-80F1A15CF4C1}.Debug|Win32.Build.0 = Debug|Win32
		{DBF8A862-DBA9-45D3-A5F2-80F1A15CF4C1}.Debug|Win32.Deploy.0 = Debug|Win32
		{DBF8A862-DBA9-45D3-A5F2-80F1A15CF4C1}.Debug|x64.ActiveCfg = Debug|x64
		{DBF8A862-DBA9-45D3-A5F2-80F1A15CF4C1}.Debug|x64.Build.0 = Debug|x64
		{DBF8A862-DBA9-45D3-A5F2-80F1A15CF4C1}.Debug|x64.Deploy.0 = Debug|x64
		{DBF8A862-DBA9-45D3-A5F2-80F1A15CF4C1}.Release|Win32.ActiveCfg = Release|Win32
		{DBF8A862-DBA9-45D3-A5F2-80F1A15CF4C1}.Release|Win32.Build.0 = Release|Win32
		{DBF8A862-DBA9-45D3-A5F2-80F1A15CF4C1}.Release|Win32.Deploy.0 = Release|Win32
		{DBF8A862-DBA9-45D3-A5F2-80F1A15CF4C1}.Release|x64.ActiveCfg = Release|x64
		{DBF8A862-DBA9-45D3-A5F2-80F1A15CF4C1}.Release|x64.Build.0 = Release|x64
		{DBF8A862-DBA9-45D3-A5F2-80F1A15CF4C1}.Release|x64.Deploy.0 = Release|x64
	EndGlobalSection
	GlobalSection(SolutionProperties) = preSolution
		HideSolutionNode = FALSE
	EndGlobalSection
EndGlobal
